// !$*UTF8*$!
{
	archiveVersion = 1;
	classes = {
	};
	objectVersion = 46;
	objects = {

/* Begin PBXBuildFile section */
		EACD243815D7E48D00453F75 /* Cocoa.framework in Frameworks */ = {isa = PBXBuildFile; fileRef = EACD243715D7E48D00453F75 /* Cocoa.framework */; };
		EACD245A15D7E53300453F75 /* OpenGL.framework in Frameworks */ = {isa = PBXBuildFile; fileRef = EACD245915D7E53300453F75 /* OpenGL.framework */; };
		EACD245C15D7E7E000453F75 /* main.mm in Sources */ = {isa = PBXBuildFile; fileRef = EACD245B15D7E7E000453F75 /* main.mm */; };
		EACD245F15D7E7F700453F75 /* LEAppDelegate.m in Sources */ = {isa = PBXBuildFile; fileRef = EACD245E15D7E7F700453F75 /* LEAppDelegate.m */; };
		EACD246215D7EEFD00453F75 /* LEGLView.mm in Sources */ = {isa = PBXBuildFile; fileRef = EACD246115D7EEF400453F75 /* LEGLView.mm */; };
		EACD246E15D7EFEA00453F75 /* QuartzCore.framework in Frameworks */ = {isa = PBXBuildFile; fileRef = EACD246D15D7EFEA00453F75 /* QuartzCore.framework */; };
		EACD247915D7F82100453F75 /* stb_image.c in Sources */ = {isa = PBXBuildFile; fileRef = EACD247115D7F82100453F75 /* stb_image.c */; };
		EACD249415D81A6800453F75 /* Log.cpp in Sources */ = {isa = PBXBuildFile; fileRef = EACD248D15D81A6800453F75 /* Log.cpp */; };
		EACD249515D81A6800453F75 /* MainHooks.cpp in Sources */ = {isa = PBXBuildFile; fileRef = EACD248F15D81A6800453F75 /* MainHooks.cpp */; };
		EACD249615D81A6800453F75 /* Path.cpp in Sources */ = {isa = PBXBuildFile; fileRef = EACD249115D81A6800453F75 /* Path.cpp */; };
		EACD24A115D81FF600453F75 /* StringStream.cpp in Sources */ = {isa = PBXBuildFile; fileRef = EACD249F15D81FF600453F75 /* StringStream.cpp */; };
		EACD24A315D825A600453F75 /* PlatformMac.mm in Sources */ = {isa = PBXBuildFile; fileRef = EACD24A215D825A600453F75 /* PlatformMac.mm */; };
/* End PBXBuildFile section */

/* Begin PBXFileReference section */
		EACD243315D7E48D00453F75 /* LostEngine2.app */ = {isa = PBXFileReference; explicitFileType = wrapper.application; includeInIndex = 0; path = LostEngine2.app; sourceTree = BUILT_PRODUCTS_DIR; };
		EACD243715D7E48D00453F75 /* Cocoa.framework */ = {isa = PBXFileReference; lastKnownFileType = wrapper.framework; name = Cocoa.framework; path = System/Library/Frameworks/Cocoa.framework; sourceTree = SDKROOT; };
		EACD243F15D7E48D00453F75 /* LostEngine2-Info.plist */ = {isa = PBXFileReference; lastKnownFileType = text.plist.xml; path = "LostEngine2-Info.plist"; sourceTree = "<group>"; };
		EACD244515D7E48D00453F75 /* LostEngine2-Prefix.pch */ = {isa = PBXFileReference; lastKnownFileType = sourcecode.c.h; path = "LostEngine2-Prefix.pch"; sourceTree = "<group>"; };
		EACD245915D7E53300453F75 /* OpenGL.framework */ = {isa = PBXFileReference; lastKnownFileType = wrapper.framework; name = OpenGL.framework; path = System/Library/Frameworks/OpenGL.framework; sourceTree = SDKROOT; };
		EACD245B15D7E7E000453F75 /* main.mm */ = {isa = PBXFileReference; fileEncoding = 4; lastKnownFileType = sourcecode.cpp.objcpp; path = main.mm; sourceTree = SOURCE_ROOT; };
		EACD245D15D7E7F700453F75 /* LEAppDelegate.h */ = {isa = PBXFileReference; fileEncoding = 4; lastKnownFileType = sourcecode.c.h; path = LEAppDelegate.h; sourceTree = SOURCE_ROOT; };
		EACD245E15D7E7F700453F75 /* LEAppDelegate.m */ = {isa = PBXFileReference; fileEncoding = 4; lastKnownFileType = sourcecode.c.objc; path = LEAppDelegate.m; sourceTree = SOURCE_ROOT; };
		EACD246015D7EEF400453F75 /* LEGLView.h */ = {isa = PBXFileReference; lastKnownFileType = sourcecode.c.h; path = LEGLView.h; sourceTree = SOURCE_ROOT; };
		EACD246115D7EEF400453F75 /* LEGLView.mm */ = {isa = PBXFileReference; lastKnownFileType = sourcecode.cpp.objcpp; path = LEGLView.mm; sourceTree = SOURCE_ROOT; };
		EACD246D15D7EFEA00453F75 /* QuartzCore.framework */ = {isa = PBXFileReference; lastKnownFileType = wrapper.framework; name = QuartzCore.framework; path = System/Library/Frameworks/QuartzCore.framework; sourceTree = SDKROOT; };
		EACD247015D7F82100453F75 /* stb_image_write.h */ = {isa = PBXFileReference; fileEncoding = 4; lastKnownFileType = sourcecode.c.h; name = stb_image_write.h; path = ../thirdparty/stb_image_write.h; sourceTree = "<group>"; };
		EACD247115D7F82100453F75 /* stb_image.c */ = {isa = PBXFileReference; fileEncoding = 4; lastKnownFileType = sourcecode.c.c; name = stb_image.c; path = ../thirdparty/stb_image.c; sourceTree = "<group>"; };
		EACD247215D7F82100453F75 /* stb_truetype.h */ = {isa = PBXFileReference; fileEncoding = 4; lastKnownFileType = sourcecode.c.h; name = stb_truetype.h; path = ../thirdparty/stb_truetype.h; sourceTree = "<group>"; };
		EACD247515D7F82100453F75 /* checked.h */ = {isa = PBXFileReference; fileEncoding = 4; lastKnownFileType = sourcecode.c.h; path = checked.h; sourceTree = "<group>"; };
		EACD247615D7F82100453F75 /* core.h */ = {isa = PBXFileReference; fileEncoding = 4; lastKnownFileType = sourcecode.c.h; path = core.h; sourceTree = "<group>"; };
		EACD247715D7F82100453F75 /* unchecked.h */ = {isa = PBXFileReference; fileEncoding = 4; lastKnownFileType = sourcecode.c.h; path = unchecked.h; sourceTree = "<group>"; };
		EACD247815D7F82100453F75 /* utf8.h */ = {isa = PBXFileReference; fileEncoding = 4; lastKnownFileType = sourcecode.c.h; path = utf8.h; sourceTree = "<group>"; };
		EACD248D15D81A6800453F75 /* Log.cpp */ = {isa = PBXFileReference; fileEncoding = 4; lastKnownFileType = sourcecode.cpp.cpp; path = Log.cpp; sourceTree = "<group>"; };
		EACD248E15D81A6800453F75 /* Log.h */ = {isa = PBXFileReference; fileEncoding = 4; lastKnownFileType = sourcecode.c.h; path = Log.h; sourceTree = "<group>"; };
		EACD248F15D81A6800453F75 /* MainHooks.cpp */ = {isa = PBXFileReference; fileEncoding = 4; lastKnownFileType = sourcecode.cpp.cpp; path = MainHooks.cpp; sourceTree = "<group>"; };
		EACD249015D81A6800453F75 /* MainHooks.h */ = {isa = PBXFileReference; fileEncoding = 4; lastKnownFileType = sourcecode.c.h; path = MainHooks.h; sourceTree = "<group>"; };
		EACD249115D81A6800453F75 /* Path.cpp */ = {isa = PBXFileReference; fileEncoding = 4; lastKnownFileType = sourcecode.cpp.cpp; path = Path.cpp; sourceTree = "<group>"; };
		EACD249215D81A6800453F75 /* Path.h */ = {isa = PBXFileReference; fileEncoding = 4; lastKnownFileType = sourcecode.c.h; path = Path.h; sourceTree = "<group>"; };
		EACD249315D81A6800453F75 /* prefix-shared.h */ = {isa = PBXFileReference; fileEncoding = 4; lastKnownFileType = sourcecode.c.h; path = "prefix-shared.h"; sourceTree = "<group>"; };
		EACD249715D81B3E00453F75 /* types.h */ = {isa = PBXFileReference; lastKnownFileType = sourcecode.c.h; path = types.h; sourceTree = "<group>"; };
		EACD249815D81E4400453F75 /* Platform.h */ = {isa = PBXFileReference; lastKnownFileType = sourcecode.c.h; path = Platform.h; sourceTree = "<group>"; };
		EACD249915D81E4400453F75 /* PlatformPaths.h */ = {isa = PBXFileReference; lastKnownFileType = sourcecode.c.h; path = PlatformPaths.h; sourceTree = "<group>"; };
		EACD249A15D81E4400453F75 /* PlatformThread.h */ = {isa = PBXFileReference; lastKnownFileType = sourcecode.c.h; path = PlatformThread.h; sourceTree = "<group>"; };
		EACD249B15D81E4400453F75 /* PlatformTime.h */ = {isa = PBXFileReference; lastKnownFileType = sourcecode.c.h; path = PlatformTime.h; sourceTree = "<group>"; };
		EACD249C15D81E4400453F75 /* PlatformType.h */ = {isa = PBXFileReference; lastKnownFileType = sourcecode.c.h; path = PlatformType.h; sourceTree = "<group>"; };
		EACD249F15D81FF600453F75 /* StringStream.cpp */ = {isa = PBXFileReference; fileEncoding = 4; lastKnownFileType = sourcecode.cpp.cpp; path = StringStream.cpp; sourceTree = "<group>"; };
		EACD24A015D81FF600453F75 /* StringStream.h */ = {isa = PBXFileReference; fileEncoding = 4; lastKnownFileType = sourcecode.c.h; path = StringStream.h; sourceTree = "<group>"; };
		EACD24A215D825A600453F75 /* PlatformMac.mm */ = {isa = PBXFileReference; fileEncoding = 4; lastKnownFileType = sourcecode.cpp.objcpp; path = PlatformMac.mm; sourceTree = "<group>"; };
/* End PBXFileReference section */

/* Begin PBXFrameworksBuildPhase section */
		EACD243015D7E48D00453F75 /* Frameworks */ = {
			isa = PBXFrameworksBuildPhase;
			buildActionMask = 2147483647;
			files = (
				EACD246E15D7EFEA00453F75 /* QuartzCore.framework in Frameworks */,
				EACD245A15D7E53300453F75 /* OpenGL.framework in Frameworks */,
				EACD243815D7E48D00453F75 /* Cocoa.framework in Frameworks */,
			);
			runOnlyForDeploymentPostprocessing = 0;
		};
/* End PBXFrameworksBuildPhase section */

/* Begin PBXGroup section */
		EACD242815D7E48D00453F75 = {
			isa = PBXGroup;
			children = (
				EACD248C15D81A6800453F75 /* lost */,
				EACD243D15D7E48D00453F75 /* mac */,
				EACD246F15D7F35C00453F75 /* thirdparty */,
				EACD243615D7E48D00453F75 /* Frameworks */,
				EACD243415D7E48D00453F75 /* Products */,
			);
			sourceTree = "<group>";
		};
		EACD243415D7E48D00453F75 /* Products */ = {
			isa = PBXGroup;
			children = (
				EACD243315D7E48D00453F75 /* LostEngine2.app */,
			);
			name = Products;
			sourceTree = "<group>";
		};
		EACD243615D7E48D00453F75 /* Frameworks */ = {
			isa = PBXGroup;
			children = (
				EACD243715D7E48D00453F75 /* Cocoa.framework */,
				EACD245915D7E53300453F75 /* OpenGL.framework */,
				EACD246D15D7EFEA00453F75 /* QuartzCore.framework */,
			);
			name = Frameworks;
			sourceTree = "<group>";
		};
		EACD243D15D7E48D00453F75 /* mac */ = {
			isa = PBXGroup;
			children = (
				EACD245D15D7E7F700453F75 /* LEAppDelegate.h */,
				EACD245E15D7E7F700453F75 /* LEAppDelegate.m */,
				EACD246015D7EEF400453F75 /* LEGLView.h */,
				EACD246115D7EEF400453F75 /* LEGLView.mm */,
				EACD243F15D7E48D00453F75 /* LostEngine2-Info.plist */,
				EACD244515D7E48D00453F75 /* LostEngine2-Prefix.pch */,
				EACD245B15D7E7E000453F75 /* main.mm */,
			);
			name = mac;
			path = LostEngine2;
			sourceTree = "<group>";
		};
		EACD246F15D7F35C00453F75 /* thirdparty */ = {
			isa = PBXGroup;
			children = (
				EACD247015D7F82100453F75 /* stb_image_write.h */,
				EACD247115D7F82100453F75 /* stb_image.c */,
				EACD247215D7F82100453F75 /* stb_truetype.h */,
				EACD247315D7F82100453F75 /* utfcpp */,
			);
			name = thirdparty;
			sourceTree = "<group>";
		};
		EACD247315D7F82100453F75 /* utfcpp */ = {
			isa = PBXGroup;
			children = (
				EACD247415D7F82100453F75 /* utf8 */,
				EACD247815D7F82100453F75 /* utf8.h */,
			);
			name = utfcpp;
			path = ../thirdparty/utfcpp;
			sourceTree = "<group>";
		};
		EACD247415D7F82100453F75 /* utf8 */ = {
			isa = PBXGroup;
			children = (
				EACD247515D7F82100453F75 /* checked.h */,
				EACD247615D7F82100453F75 /* core.h */,
				EACD247715D7F82100453F75 /* unchecked.h */,
			);
			path = utf8;
			sourceTree = "<group>";
		};
		EACD248C15D81A6800453F75 /* lost */ = {
			isa = PBXGroup;
			children = (
				EACD248D15D81A6800453F75 /* Log.cpp */,
				EACD248E15D81A6800453F75 /* Log.h */,
				EACD248F15D81A6800453F75 /* MainHooks.cpp */,
				EACD249015D81A6800453F75 /* MainHooks.h */,
				EACD249115D81A6800453F75 /* Path.cpp */,
				EACD249215D81A6800453F75 /* Path.h */,
				EACD249815D81E4400453F75 /* Platform.h */,
				EACD24A215D825A600453F75 /* PlatformMac.mm */,
				EACD249915D81E4400453F75 /* PlatformPaths.h */,
				EACD249A15D81E4400453F75 /* PlatformThread.h */,
				EACD249B15D81E4400453F75 /* PlatformTime.h */,
				EACD249C15D81E4400453F75 /* PlatformType.h */,
				EACD249315D81A6800453F75 /* prefix-shared.h */,
				EACD249F15D81FF600453F75 /* StringStream.cpp */,
				EACD24A015D81FF600453F75 /* StringStream.h */,
				EACD249715D81B3E00453F75 /* types.h */,
			);
			name = lost;
			path = ../lost;
			sourceTree = "<group>";
		};
/* End PBXGroup section */

/* Begin PBXNativeTarget section */
		EACD243215D7E48D00453F75 /* LostEngine2 */ = {
			isa = PBXNativeTarget;
			buildConfigurationList = EACD245115D7E48D00453F75 /* Build configuration list for PBXNativeTarget "LostEngine2" */;
			buildPhases = (
				EACD242F15D7E48D00453F75 /* Sources */,
				EACD243015D7E48D00453F75 /* Frameworks */,
				EACD243115D7E48D00453F75 /* Resources */,
			);
			buildRules = (
			);
			dependencies = (
			);
			name = LostEngine2;
			productName = LostEngine2;
			productReference = EACD243315D7E48D00453F75 /* LostEngine2.app */;
			productType = "com.apple.product-type.application";
		};
/* End PBXNativeTarget section */

/* Begin PBXProject section */
		EACD242A15D7E48D00453F75 /* Project object */ = {
			isa = PBXProject;
			attributes = {
				CLASSPREFIX = LE;
				LastUpgradeCheck = 0440;
				ORGANIZATIONNAME = "Tony Kostanjsek";
			};
			buildConfigurationList = EACD242D15D7E48D00453F75 /* Build configuration list for PBXProject "LostEngine2" */;
			compatibilityVersion = "Xcode 3.2";
			developmentRegion = English;
			hasScannedForEncodings = 0;
			knownRegions = (
				en,
			);
			mainGroup = EACD242815D7E48D00453F75;
			productRefGroup = EACD243415D7E48D00453F75 /* Products */;
			projectDirPath = "";
			projectRoot = "";
			targets = (
				EACD243215D7E48D00453F75 /* LostEngine2 */,
			);
		};
/* End PBXProject section */

/* Begin PBXResourcesBuildPhase section */
		EACD243115D7E48D00453F75 /* Resources */ = {
			isa = PBXResourcesBuildPhase;
			buildActionMask = 2147483647;
			files = (
			);
			runOnlyForDeploymentPostprocessing = 0;
		};
/* End PBXResourcesBuildPhase section */

/* Begin PBXSourcesBuildPhase section */
		EACD242F15D7E48D00453F75 /* Sources */ = {
			isa = PBXSourcesBuildPhase;
			buildActionMask = 2147483647;
			files = (
				EACD245C15D7E7E000453F75 /* main.mm in Sources */,
				EACD245F15D7E7F700453F75 /* LEAppDelegate.m in Sources */,
				EACD246215D7EEFD00453F75 /* LEGLView.mm in Sources */,
				EACD247915D7F82100453F75 /* stb_image.c in Sources */,
				EACD249415D81A6800453F75 /* Log.cpp in Sources */,
				EACD249515D81A6800453F75 /* MainHooks.cpp in Sources */,
				EACD249615D81A6800453F75 /* Path.cpp in Sources */,
				EACD24A115D81FF600453F75 /* StringStream.cpp in Sources */,
				EACD24A315D825A600453F75 /* PlatformMac.mm in Sources */,
			);
			runOnlyForDeploymentPostprocessing = 0;
		};
/* End PBXSourcesBuildPhase section */

/* Begin XCBuildConfiguration section */
		EACD244F15D7E48D00453F75 /* Debug */ = {
			isa = XCBuildConfiguration;
			buildSettings = {
				ALWAYS_SEARCH_USER_PATHS = NO;
				ARCHS = "$(ARCHS_STANDARD_64_BIT)";
				CLANG_CXX_LANGUAGE_STANDARD = "gnu++0x";
				CLANG_WARN__DUPLICATE_METHOD_MATCH = YES;
				COPY_PHASE_STRIP = NO;
				GCC_C_LANGUAGE_STANDARD = gnu99;
				GCC_DYNAMIC_NO_PIC = NO;
				GCC_ENABLE_OBJC_EXCEPTIONS = YES;
				GCC_OPTIMIZATION_LEVEL = 0;
				GCC_PREPROCESSOR_DEFINITIONS = (
					"DEBUG=1",
					"$(inherited)",
				);
				GCC_SYMBOLS_PRIVATE_EXTERN = NO;
				GCC_WARN_64_TO_32_BIT_CONVERSION = YES;
				GCC_WARN_ABOUT_RETURN_TYPE = YES;
				GCC_WARN_UNINITIALIZED_AUTOS = YES;
				GCC_WARN_UNUSED_VARIABLE = YES;
				HEADER_SEARCH_PATHS = "\"$(SRCROOT)/..\"";
				MACOSX_DEPLOYMENT_TARGET = 10.8;
				ONLY_ACTIVE_ARCH = YES;
				SDKROOT = macosx;
			};
			name = Debug;
		};
		EACD245015D7E48D00453F75 /* Release */ = {
			isa = XCBuildConfiguration;
			buildSettings = {
				ALWAYS_SEARCH_USER_PATHS = NO;
				ARCHS = "$(ARCHS_STANDARD_64_BIT)";
				CLANG_CXX_LANGUAGE_STANDARD = "gnu++0x";
				CLANG_WARN__DUPLICATE_METHOD_MATCH = YES;
				COPY_PHASE_STRIP = YES;
				DEBUG_INFORMATION_FORMAT = "dwarf-with-dsym";
				GCC_C_LANGUAGE_STANDARD = gnu99;
				GCC_ENABLE_OBJC_EXCEPTIONS = YES;
				GCC_WARN_64_TO_32_BIT_CONVERSION = YES;
				GCC_WARN_ABOUT_RETURN_TYPE = YES;
				GCC_WARN_UNINITIALIZED_AUTOS = YES;
				GCC_WARN_UNUSED_VARIABLE = YES;
				HEADER_SEARCH_PATHS = "\"$(SRCROOT)/..\"";
				MACOSX_DEPLOYMENT_TARGET = 10.8;
				SDKROOT = macosx;
			};
			name = Release;
		};
		EACD245215D7E48D00453F75 /* Debug */ = {
			isa = XCBuildConfiguration;
			buildSettings = {
				COMBINE_HIDPI_IMAGES = YES;
				GCC_PRECOMPILE_PREFIX_HEADER = YES;
				GCC_PREFIX_HEADER = "LostEngine2-Prefix.pch";
				INFOPLIST_FILE = "$(SRCROOT)/LostEngine2-Info.plist";
				PRODUCT_NAME = "$(TARGET_NAME)";
				WRAPPER_EXTENSION = app;
			};
			name = Debug;
		};
		EACD245315D7E48D00453F75 /* Release */ = {
			isa = XCBuildConfiguration;
			buildSettings = {
				COMBINE_HIDPI_IMAGES = YES;
				GCC_PRECOMPILE_PREFIX_HEADER = YES;
				GCC_PREFIX_HEADER = "LostEngine2-Prefix.pch";
				INFOPLIST_FILE = "$(SRCROOT)/LostEngine2-Info.plist";
				PRODUCT_NAME = "$(TARGET_NAME)";
				WRAPPER_EXTENSION = app;
			};
			name = Release;
		};
/* End XCBuildConfiguration section */

/* Begin XCConfigurationList section */
		EACD242D15D7E48D00453F75 /* Build configuration list for PBXProject "LostEngine2" */ = {
			isa = XCConfigurationList;
			buildConfigurations = (
				EACD244F15D7E48D00453F75 /* Debug */,
				EACD245015D7E48D00453F75 /* Release */,
			);
			defaultConfigurationIsVisible = 0;
			defaultConfigurationName = Release;
		};
		EACD245115D7E48D00453F75 /* Build configuration list for PBXNativeTarget "LostEngine2" */ = {
			isa = XCConfigurationList;
			buildConfigurations = (
				EACD245215D7E48D00453F75 /* Debug */,
				EACD245315D7E48D00453F75 /* Release */,
			);
			defaultConfigurationIsVisible = 0;
			defaultConfigurationName = Release;
		};
/* End XCConfigurationList section */
	};
	rootObject = EACD242A15D7E48D00453F75 /* Project object */;
}
