// !$*UTF8*$!
{
	archiveVersion = 1;
	classes = {
	};
	objectVersion = 46;
	objects = {

/* Begin PBXBuildFile section */
		254442B7160288A200D9D363 /* Animation.cpp in Sources */ = {isa = PBXBuildFile; fileRef = 254442B6160288A200D9D363 /* Animation.cpp */; };
		8D14B50616029AD1004399C4 /* Canvas.cpp in Sources */ = {isa = PBXBuildFile; fileRef = 8D14B50416029AD1004399C4 /* Canvas.cpp */; };
		8DF374D41603725800DA0547 /* UIKit.framework in Frameworks */ = {isa = PBXBuildFile; fileRef = 8D14B54E16035151004399C4 /* UIKit.framework */; };
		8DF374D51603725800DA0547 /* Foundation.framework in Frameworks */ = {isa = PBXBuildFile; fileRef = 8D14B55016035151004399C4 /* Foundation.framework */; };
		8DF374D61603725800DA0547 /* CoreGraphics.framework in Frameworks */ = {isa = PBXBuildFile; fileRef = 8D14B55216035151004399C4 /* CoreGraphics.framework */; };
		8DF374D71603725800DA0547 /* GLKit.framework in Frameworks */ = {isa = PBXBuildFile; fileRef = 8D14B55416035151004399C4 /* GLKit.framework */; };
		8DF374D81603725800DA0547 /* OpenGLES.framework in Frameworks */ = {isa = PBXBuildFile; fileRef = 8D14B55616035151004399C4 /* OpenGLES.framework */; };
		8DF374F2160372C500DA0547 /* ViewController.xib in Resources */ = {isa = PBXBuildFile; fileRef = 8D14B56B16035151004399C4 /* ViewController.xib */; };
		8DF374F3160372CE00DA0547 /* InfoPlist.strings in Resources */ = {isa = PBXBuildFile; fileRef = 8D14B55B16035151004399C4 /* InfoPlist.strings */; };
		8DF374F4160372D200DA0547 /* AppDelegate.mm in Sources */ = {isa = PBXBuildFile; fileRef = 8D14B56216035151004399C4 /* AppDelegate.mm */; };
		8DF374F5160372D300DA0547 /* ViewController.mm in Sources */ = {isa = PBXBuildFile; fileRef = 8D14B56916035151004399C4 /* ViewController.mm */; };
		8DF374F6160372D500DA0547 /* main.mm in Sources */ = {isa = PBXBuildFile; fileRef = 8D14B55E16035151004399C4 /* main.mm */; };
		8DF374F7160372DA00DA0547 /* stb_image.c in Sources */ = {isa = PBXBuildFile; fileRef = EACD247115D7F82100453F75 /* stb_image.c */; };
		8DF374F8160372E500DA0547 /* Bitmap.cpp in Sources */ = {isa = PBXBuildFile; fileRef = EACD24A815D851AB00453F75 /* Bitmap.cpp */; };
		8DF374F9160372E600DA0547 /* BitmapPacker.cpp in Sources */ = {isa = PBXBuildFile; fileRef = EAADB60D15FF97FD008F7450 /* BitmapPacker.cpp */; };
		8DF374FA160372E800DA0547 /* Buffer.cpp in Sources */ = {isa = PBXBuildFile; fileRef = EAF87C7815E903A900986F86 /* Buffer.cpp */; };
		8DF374FB160372E900DA0547 /* BufferLayout.cpp in Sources */ = {isa = PBXBuildFile; fileRef = EAF87C7C15E903B800986F86 /* BufferLayout.cpp */; };
		8DF374FC160372EA00DA0547 /* Bundle.cpp in Sources */ = {isa = PBXBuildFile; fileRef = EA90FCB415DEAF9D0071F358 /* Bundle.cpp */; };
		8DF374FD160372EC00DA0547 /* Camera.cpp in Sources */ = {isa = PBXBuildFile; fileRef = EA0C315E15FD25A100661552 /* Camera.cpp */; };
		8DF374FE160372ED00DA0547 /* Camera2D.cpp in Sources */ = {isa = PBXBuildFile; fileRef = EA0C316015FD25A100661552 /* Camera2D.cpp */; };
		8DF374FF160372EE00DA0547 /* Camera3D.cpp in Sources */ = {isa = PBXBuildFile; fileRef = EA0C316215FD25A100661552 /* Camera3D.cpp */; };
		8DF37500160372F000DA0547 /* Canvas.cpp in Sources */ = {isa = PBXBuildFile; fileRef = 8D14B50416029AD1004399C4 /* Canvas.cpp */; };
		8DF37501160372F100DA0547 /* Color.cpp in Sources */ = {isa = PBXBuildFile; fileRef = EACD24AD15D852AC00453F75 /* Color.cpp */; };
		8DF37502160372F200DA0547 /* Context.cpp in Sources */ = {isa = PBXBuildFile; fileRef = EAB2B90C15FE4703001CF4EF /* Context.cpp */; };
		8DF37503160372F300DA0547 /* ContextIOS.mm in Sources */ = {isa = PBXBuildFile; fileRef = 8D14B5A616035B60004399C4 /* ContextIOS.mm */; };
		8DF37504160372F500DA0547 /* Data.cpp in Sources */ = {isa = PBXBuildFile; fileRef = EACD24A515D8333100453F75 /* Data.cpp */; };
		8DF37505160372F600DA0547 /* Engine.cpp in Sources */ = {isa = PBXBuildFile; fileRef = EABB38F316010B670009D8F7 /* Engine.cpp */; };
		8DF37506160372F700DA0547 /* EngineUser.cpp in Sources */ = {isa = PBXBuildFile; fileRef = EABB38F616010F160009D8F7 /* EngineUser.cpp */; };
		8DF37507160372F800DA0547 /* Event.cpp in Sources */ = {isa = PBXBuildFile; fileRef = EABB38E51600D42B0009D8F7 /* Event.cpp */; };
		8DF37508160372FA00DA0547 /* EventPool.cpp in Sources */ = {isa = PBXBuildFile; fileRef = EABB38EB1600D6FA0009D8F7 /* EventPool.cpp */; };
		8DF37509160372FC00DA0547 /* EventQueue.cpp in Sources */ = {isa = PBXBuildFile; fileRef = EABB38E71600D42B0009D8F7 /* EventQueue.cpp */; };
		8DF3750A160372FE00DA0547 /* Font.cpp in Sources */ = {isa = PBXBuildFile; fileRef = EAADB61515FFA391008F7450 /* Font.cpp */; };
		8DF3750B160372FF00DA0547 /* FontManager.cpp in Sources */ = {isa = PBXBuildFile; fileRef = EAADB61715FFA391008F7450 /* FontManager.cpp */; };
		8DF3750C1603730000DA0547 /* FragmentShader.cpp in Sources */ = {isa = PBXBuildFile; fileRef = EA945F0315F7A43A004EE290 /* FragmentShader.cpp */; };
		8DF3750D1603730200DA0547 /* Glyph.cpp in Sources */ = {isa = PBXBuildFile; fileRef = EAADB62815FFA76B008F7450 /* Glyph.cpp */; };
		8DF3750E1603730500DA0547 /* HostBuffer.cpp in Sources */ = {isa = PBXBuildFile; fileRef = EA945F0815F7A87B004EE290 /* HostBuffer.cpp */; };
		8DF3750F1603730600DA0547 /* HybridBuffer.cpp in Sources */ = {isa = PBXBuildFile; fileRef = EA945F0A15F7A87B004EE290 /* HybridBuffer.cpp */; };
		8DF375101603730700DA0547 /* HybridIndexBuffer.cpp in Sources */ = {isa = PBXBuildFile; fileRef = EA945F0C15F7A87B004EE290 /* HybridIndexBuffer.cpp */; };
		8DF375111603730900DA0547 /* HybridVertexBuffer.cpp in Sources */ = {isa = PBXBuildFile; fileRef = EA945F0E15F7A87C004EE290 /* HybridVertexBuffer.cpp */; };
		8DF375121603730A00DA0547 /* lgl.cpp in Sources */ = {isa = PBXBuildFile; fileRef = EA90FCC315E15C730071F358 /* lgl.cpp */; };
		8DF375131603730B00DA0547 /* Log.cpp in Sources */ = {isa = PBXBuildFile; fileRef = EACD248D15D81A6800453F75 /* Log.cpp */; };
		8DF375141603730C00DA0547 /* Material.cpp in Sources */ = {isa = PBXBuildFile; fileRef = EA0C316715FD28DF00661552 /* Material.cpp */; };
		8DF375151603730E00DA0547 /* Matrix.cpp in Sources */ = {isa = PBXBuildFile; fileRef = EA0EEAFE15E67804000CBC13 /* Matrix.cpp */; };
		8DF375161603730F00DA0547 /* Mesh.cpp in Sources */ = {isa = PBXBuildFile; fileRef = EA0C316A15FD28E700661552 /* Mesh.cpp */; };
		8DF375171603731000DA0547 /* Path.cpp in Sources */ = {isa = PBXBuildFile; fileRef = EACD249115D81A6800453F75 /* Path.cpp */; };
		8DF375181603731100DA0547 /* PlatformIOS.mm in Sources */ = {isa = PBXBuildFile; fileRef = 8D14B5A816035D18004399C4 /* PlatformIOS.mm */; };
		8DF375191603731500DA0547 /* Quad.cpp in Sources */ = {isa = PBXBuildFile; fileRef = EAADB62B15FFABC4008F7450 /* Quad.cpp */; };
		8DF3751A1603731F00DA0547 /* Rect.cpp in Sources */ = {isa = PBXBuildFile; fileRef = EACD24AF15D852B300453F75 /* Rect.cpp */; };
		8DF3751B1603732000DA0547 /* RectPacker.cpp in Sources */ = {isa = PBXBuildFile; fileRef = EA0EEAF615E677F0000CBC13 /* RectPacker.cpp */; };
		8DF3751C1603732100DA0547 /* Shader.cpp in Sources */ = {isa = PBXBuildFile; fileRef = EA945EFC15F7A418004EE290 /* Shader.cpp */; };
		8DF3751D1603732200DA0547 /* ShaderPreprocessor.cpp in Sources */ = {isa = PBXBuildFile; fileRef = EA0C315215FCDBFE00661552 /* ShaderPreprocessor.cpp */; };
		8DF3751E1603732400DA0547 /* ShaderProgram.cpp in Sources */ = {isa = PBXBuildFile; fileRef = EA945EFF15F7A428004EE290 /* ShaderProgram.cpp */; };
		8DF3751F1603732500DA0547 /* StringAdditions.cpp in Sources */ = {isa = PBXBuildFile; fileRef = EA0C315615FCDC0900661552 /* StringAdditions.cpp */; };
		8DF375201603732600DA0547 /* StringStream.cpp in Sources */ = {isa = PBXBuildFile; fileRef = EACD249F15D81FF600453F75 /* StringStream.cpp */; };
		8DF375211603732800DA0547 /* TextBuffer.cpp in Sources */ = {isa = PBXBuildFile; fileRef = EAADB61C15FFA3A2008F7450 /* TextBuffer.cpp */; };
		8DF375221603732900DA0547 /* TextMesh.cpp in Sources */ = {isa = PBXBuildFile; fileRef = EAADB61E15FFA3A2008F7450 /* TextMesh.cpp */; };
		8DF375231603732B00DA0547 /* TextRender.cpp in Sources */ = {isa = PBXBuildFile; fileRef = EAADB62015FFA3A2008F7450 /* TextRender.cpp */; };
		8DF375241603732D00DA0547 /* Texture.cpp in Sources */ = {isa = PBXBuildFile; fileRef = EA90FCBF15E151600071F358 /* Texture.cpp */; };
		8DF375251603733000DA0547 /* TruetypeFont.cpp in Sources */ = {isa = PBXBuildFile; fileRef = EAADB62515FFA3BA008F7450 /* TruetypeFont.cpp */; };
		8DF375261603733100DA0547 /* Uniform.cpp in Sources */ = {isa = PBXBuildFile; fileRef = EA945EF415F79F55004EE290 /* Uniform.cpp */; };
		8DF375271603733200DA0547 /* UniformBlock.cpp in Sources */ = {isa = PBXBuildFile; fileRef = EA945EF615F79F55004EE290 /* UniformBlock.cpp */; };
		8DF375281603733400DA0547 /* Vec2.cpp in Sources */ = {isa = PBXBuildFile; fileRef = EACD24B115D8531200453F75 /* Vec2.cpp */; };
		8DF375291603733500DA0547 /* Vec3.cpp in Sources */ = {isa = PBXBuildFile; fileRef = EA0EEAFA15E677F9000CBC13 /* Vec3.cpp */; };
		8DF3752A1603733600DA0547 /* Vec4.cpp in Sources */ = {isa = PBXBuildFile; fileRef = EA0EEAFC15E677F9000CBC13 /* Vec4.cpp */; };
		8DF3752B1603733700DA0547 /* VertexAttribute.cpp in Sources */ = {isa = PBXBuildFile; fileRef = EA945EF015F79F4B004EE290 /* VertexAttribute.cpp */; };
		8DF3752C1603733900DA0547 /* VertexShader.cpp in Sources */ = {isa = PBXBuildFile; fileRef = EA945F0115F7A430004EE290 /* VertexShader.cpp */; };
		8DF3752D1603737700DA0547 /* tinythread.cpp in Sources */ = {isa = PBXBuildFile; fileRef = EABB38F01600DCF00009D8F7 /* tinythread.cpp */; };
		8DF375461603743900DA0547 /* COPYRIGHT.TXT in Resources */ = {isa = PBXBuildFile; fileRef = 8DF375321603743900DA0547 /* COPYRIGHT.TXT */; };
		8DF375481603743900DA0547 /* COPYRIGHT.TXT in Resources */ = {isa = PBXBuildFile; fileRef = 8DF375321603743900DA0547 /* COPYRIGHT.TXT */; };
		8DF375491603743900DA0547 /* local.conf in Resources */ = {isa = PBXBuildFile; fileRef = 8DF375331603743900DA0547 /* local.conf */; };
		8DF3754B1603743900DA0547 /* local.conf in Resources */ = {isa = PBXBuildFile; fileRef = 8DF375331603743900DA0547 /* local.conf */; };
		8DF3754C1603743900DA0547 /* README.TXT in Resources */ = {isa = PBXBuildFile; fileRef = 8DF375341603743900DA0547 /* README.TXT */; };
		8DF3754E1603743900DA0547 /* README.TXT in Resources */ = {isa = PBXBuildFile; fileRef = 8DF375341603743900DA0547 /* README.TXT */; };
		8DF3754F1603743900DA0547 /* RELEASENOTES.TXT in Resources */ = {isa = PBXBuildFile; fileRef = 8DF375351603743900DA0547 /* RELEASENOTES.TXT */; };
		8DF375511603743900DA0547 /* RELEASENOTES.TXT in Resources */ = {isa = PBXBuildFile; fileRef = 8DF375351603743900DA0547 /* RELEASENOTES.TXT */; };
		8DF375521603743900DA0547 /* Vera.ttf in Resources */ = {isa = PBXBuildFile; fileRef = 8DF375361603743900DA0547 /* Vera.ttf */; };
		8DF375541603743900DA0547 /* Vera.ttf in Resources */ = {isa = PBXBuildFile; fileRef = 8DF375361603743900DA0547 /* Vera.ttf */; };
		8DF375551603743900DA0547 /* VeraBd.ttf in Resources */ = {isa = PBXBuildFile; fileRef = 8DF375371603743900DA0547 /* VeraBd.ttf */; };
		8DF375571603743900DA0547 /* VeraBd.ttf in Resources */ = {isa = PBXBuildFile; fileRef = 8DF375371603743900DA0547 /* VeraBd.ttf */; };
		8DF375581603743900DA0547 /* VeraBI.ttf in Resources */ = {isa = PBXBuildFile; fileRef = 8DF375381603743900DA0547 /* VeraBI.ttf */; };
		8DF3755A1603743900DA0547 /* VeraBI.ttf in Resources */ = {isa = PBXBuildFile; fileRef = 8DF375381603743900DA0547 /* VeraBI.ttf */; };
		8DF3755B1603743900DA0547 /* VeraIt.ttf in Resources */ = {isa = PBXBuildFile; fileRef = 8DF375391603743900DA0547 /* VeraIt.ttf */; };
		8DF3755D1603743900DA0547 /* VeraIt.ttf in Resources */ = {isa = PBXBuildFile; fileRef = 8DF375391603743900DA0547 /* VeraIt.ttf */; };
		8DF3755E1603743900DA0547 /* VeraMoBd.ttf in Resources */ = {isa = PBXBuildFile; fileRef = 8DF3753A1603743900DA0547 /* VeraMoBd.ttf */; };
		8DF375601603743900DA0547 /* VeraMoBd.ttf in Resources */ = {isa = PBXBuildFile; fileRef = 8DF3753A1603743900DA0547 /* VeraMoBd.ttf */; };
		8DF375611603743900DA0547 /* VeraMoBI.ttf in Resources */ = {isa = PBXBuildFile; fileRef = 8DF3753B1603743900DA0547 /* VeraMoBI.ttf */; };
		8DF375631603743900DA0547 /* VeraMoBI.ttf in Resources */ = {isa = PBXBuildFile; fileRef = 8DF3753B1603743900DA0547 /* VeraMoBI.ttf */; };
		8DF375641603743900DA0547 /* VeraMoIt.ttf in Resources */ = {isa = PBXBuildFile; fileRef = 8DF3753C1603743900DA0547 /* VeraMoIt.ttf */; };
		8DF375661603743900DA0547 /* VeraMoIt.ttf in Resources */ = {isa = PBXBuildFile; fileRef = 8DF3753C1603743900DA0547 /* VeraMoIt.ttf */; };
		8DF375671603743900DA0547 /* VeraMono.ttf in Resources */ = {isa = PBXBuildFile; fileRef = 8DF3753D1603743900DA0547 /* VeraMono.ttf */; };
		8DF375691603743900DA0547 /* VeraMono.ttf in Resources */ = {isa = PBXBuildFile; fileRef = 8DF3753D1603743900DA0547 /* VeraMono.ttf */; };
		8DF3756A1603743900DA0547 /* VeraSe.ttf in Resources */ = {isa = PBXBuildFile; fileRef = 8DF3753E1603743900DA0547 /* VeraSe.ttf */; };
		8DF3756C1603743900DA0547 /* VeraSe.ttf in Resources */ = {isa = PBXBuildFile; fileRef = 8DF3753E1603743900DA0547 /* VeraSe.ttf */; };
		8DF3756D1603743900DA0547 /* VeraSeBd.ttf in Resources */ = {isa = PBXBuildFile; fileRef = 8DF3753F1603743900DA0547 /* VeraSeBd.ttf */; };
		8DF3756F1603743900DA0547 /* VeraSeBd.ttf in Resources */ = {isa = PBXBuildFile; fileRef = 8DF3753F1603743900DA0547 /* VeraSeBd.ttf */; };
		8DF375701603743900DA0547 /* color.fs in Sources */ = {isa = PBXBuildFile; fileRef = 8DF375411603743900DA0547 /* color.fs */; };
		8DF375721603743900DA0547 /* color.fs in Sources */ = {isa = PBXBuildFile; fileRef = 8DF375411603743900DA0547 /* color.fs */; };
		8DF375731603743900DA0547 /* color.vs in Sources */ = {isa = PBXBuildFile; fileRef = 8DF375421603743900DA0547 /* color.vs */; };
		8DF375751603743900DA0547 /* color.vs in Sources */ = {isa = PBXBuildFile; fileRef = 8DF375421603743900DA0547 /* color.vs */; };
		8DF375761603743900DA0547 /* texture.fs in Sources */ = {isa = PBXBuildFile; fileRef = 8DF375431603743900DA0547 /* texture.fs */; };
		8DF375781603743900DA0547 /* texture.fs in Sources */ = {isa = PBXBuildFile; fileRef = 8DF375431603743900DA0547 /* texture.fs */; };
		8DF375791603743900DA0547 /* texture.vs in Sources */ = {isa = PBXBuildFile; fileRef = 8DF375441603743900DA0547 /* texture.vs */; };
		8DF3757B1603743900DA0547 /* texture.vs in Sources */ = {isa = PBXBuildFile; fileRef = 8DF375441603743900DA0547 /* texture.vs */; };
		8DF3757C1603743900DA0547 /* rings.png in Resources */ = {isa = PBXBuildFile; fileRef = 8DF375451603743900DA0547 /* rings.png */; };
		8DF3757E1603743900DA0547 /* rings.png in Resources */ = {isa = PBXBuildFile; fileRef = 8DF375451603743900DA0547 /* rings.png */; };
		8DF3757F1603750F00DA0547 /* color.fs in Resources */ = {isa = PBXBuildFile; fileRef = 8DF375411603743900DA0547 /* color.fs */; };
		8DF375801603750F00DA0547 /* color.vs in Resources */ = {isa = PBXBuildFile; fileRef = 8DF375421603743900DA0547 /* color.vs */; };
		8DF375811603750F00DA0547 /* texture.fs in Resources */ = {isa = PBXBuildFile; fileRef = 8DF375431603743900DA0547 /* texture.fs */; };
		8DF375821603750F00DA0547 /* texture.vs in Resources */ = {isa = PBXBuildFile; fileRef = 8DF375441603743900DA0547 /* texture.vs */; };
		EA0C315415FCDBFE00661552 /* ShaderPreprocessor.cpp in Sources */ = {isa = PBXBuildFile; fileRef = EA0C315215FCDBFE00661552 /* ShaderPreprocessor.cpp */; };
		EA0C315815FCE86E00661552 /* StringAdditions.cpp in Sources */ = {isa = PBXBuildFile; fileRef = EA0C315615FCDC0900661552 /* StringAdditions.cpp */; };
		EA0C316415FD25A200661552 /* Camera.cpp in Sources */ = {isa = PBXBuildFile; fileRef = EA0C315E15FD25A100661552 /* Camera.cpp */; };
		EA0C316515FD25A200661552 /* Camera2D.cpp in Sources */ = {isa = PBXBuildFile; fileRef = EA0C316015FD25A100661552 /* Camera2D.cpp */; };
		EA0C316615FD25A200661552 /* Camera3D.cpp in Sources */ = {isa = PBXBuildFile; fileRef = EA0C316215FD25A100661552 /* Camera3D.cpp */; };
		EA0C316915FD28E000661552 /* Material.cpp in Sources */ = {isa = PBXBuildFile; fileRef = EA0C316715FD28DF00661552 /* Material.cpp */; };
		EA0C316C15FD28E700661552 /* Mesh.cpp in Sources */ = {isa = PBXBuildFile; fileRef = EA0C316A15FD28E700661552 /* Mesh.cpp */; };
		EA0EEAF815E677F0000CBC13 /* RectPacker.cpp in Sources */ = {isa = PBXBuildFile; fileRef = EA0EEAF615E677F0000CBC13 /* RectPacker.cpp */; };
		EA0EEB0015E67852000CBC13 /* Vec3.cpp in Sources */ = {isa = PBXBuildFile; fileRef = EA0EEAFA15E677F9000CBC13 /* Vec3.cpp */; };
		EA0EEB0115E67855000CBC13 /* Vec4.cpp in Sources */ = {isa = PBXBuildFile; fileRef = EA0EEAFC15E677F9000CBC13 /* Vec4.cpp */; };
		EA0EEB0215E6785B000CBC13 /* Matrix.cpp in Sources */ = {isa = PBXBuildFile; fileRef = EA0EEAFE15E67804000CBC13 /* Matrix.cpp */; };
		EA90FCB715DEB2690071F358 /* Bundle.cpp in Sources */ = {isa = PBXBuildFile; fileRef = EA90FCB415DEAF9D0071F358 /* Bundle.cpp */; };
		EA90FCC115E151BD0071F358 /* Texture.cpp in Sources */ = {isa = PBXBuildFile; fileRef = EA90FCBF15E151600071F358 /* Texture.cpp */; };
		EA90FCC415E15C740071F358 /* lgl.cpp in Sources */ = {isa = PBXBuildFile; fileRef = EA90FCC315E15C730071F358 /* lgl.cpp */; };
		EA945EF215F79F4B004EE290 /* VertexAttribute.cpp in Sources */ = {isa = PBXBuildFile; fileRef = EA945EF015F79F4B004EE290 /* VertexAttribute.cpp */; };
		EA945EFA15F79F56004EE290 /* Uniform.cpp in Sources */ = {isa = PBXBuildFile; fileRef = EA945EF415F79F55004EE290 /* Uniform.cpp */; };
		EA945EFB15F79F56004EE290 /* UniformBlock.cpp in Sources */ = {isa = PBXBuildFile; fileRef = EA945EF615F79F55004EE290 /* UniformBlock.cpp */; };
		EA945EFE15F7A41B004EE290 /* Shader.cpp in Sources */ = {isa = PBXBuildFile; fileRef = EA945EFC15F7A418004EE290 /* Shader.cpp */; };
		EA945F0515F7A4C1004EE290 /* FragmentShader.cpp in Sources */ = {isa = PBXBuildFile; fileRef = EA945F0315F7A43A004EE290 /* FragmentShader.cpp */; };
		EA945F0615F7A503004EE290 /* VertexShader.cpp in Sources */ = {isa = PBXBuildFile; fileRef = EA945F0115F7A430004EE290 /* VertexShader.cpp */; };
		EA945F0715F7A53F004EE290 /* ShaderProgram.cpp in Sources */ = {isa = PBXBuildFile; fileRef = EA945EFF15F7A428004EE290 /* ShaderProgram.cpp */; };
		EAADB60F15FF97FD008F7450 /* BitmapPacker.cpp in Sources */ = {isa = PBXBuildFile; fileRef = EAADB60D15FF97FD008F7450 /* BitmapPacker.cpp */; };
		EAADB61915FFA391008F7450 /* Font.cpp in Sources */ = {isa = PBXBuildFile; fileRef = EAADB61515FFA391008F7450 /* Font.cpp */; };
		EAADB61A15FFA391008F7450 /* FontManager.cpp in Sources */ = {isa = PBXBuildFile; fileRef = EAADB61715FFA391008F7450 /* FontManager.cpp */; };
		EAADB62215FFA3A2008F7450 /* TextBuffer.cpp in Sources */ = {isa = PBXBuildFile; fileRef = EAADB61C15FFA3A2008F7450 /* TextBuffer.cpp */; };
		EAADB62315FFA3A2008F7450 /* TextMesh.cpp in Sources */ = {isa = PBXBuildFile; fileRef = EAADB61E15FFA3A2008F7450 /* TextMesh.cpp */; };
		EAADB62415FFA3A2008F7450 /* TextRender.cpp in Sources */ = {isa = PBXBuildFile; fileRef = EAADB62015FFA3A2008F7450 /* TextRender.cpp */; };
		EAADB62715FFA3BA008F7450 /* TruetypeFont.cpp in Sources */ = {isa = PBXBuildFile; fileRef = EAADB62515FFA3BA008F7450 /* TruetypeFont.cpp */; };
		EAADB62A15FFA76B008F7450 /* Glyph.cpp in Sources */ = {isa = PBXBuildFile; fileRef = EAADB62815FFA76B008F7450 /* Glyph.cpp */; };
		EAADB62D15FFABC4008F7450 /* Quad.cpp in Sources */ = {isa = PBXBuildFile; fileRef = EAADB62B15FFABC4008F7450 /* Quad.cpp */; };
		EAB2B90D15FE4703001CF4EF /* Context.cpp in Sources */ = {isa = PBXBuildFile; fileRef = EAB2B90C15FE4703001CF4EF /* Context.cpp */; };
		EAB2B90F15FE470A001CF4EF /* ContextMac.mm in Sources */ = {isa = PBXBuildFile; fileRef = EAB2B90E15FE470A001CF4EF /* ContextMac.mm */; };
		EABB38E01600CC990009D8F7 /* LEAppDelegate.mm in Sources */ = {isa = PBXBuildFile; fileRef = EABB38DF1600CC990009D8F7 /* LEAppDelegate.mm */; };
		EABB38E41600CDD80009D8F7 /* LEWindow.mm in Sources */ = {isa = PBXBuildFile; fileRef = EABB38E31600CDD80009D8F7 /* LEWindow.mm */; };
		EABB38E91600D42B0009D8F7 /* Event.cpp in Sources */ = {isa = PBXBuildFile; fileRef = EABB38E51600D42B0009D8F7 /* Event.cpp */; };
		EABB38EA1600D42B0009D8F7 /* EventQueue.cpp in Sources */ = {isa = PBXBuildFile; fileRef = EABB38E71600D42B0009D8F7 /* EventQueue.cpp */; };
		EABB38ED1600D6FA0009D8F7 /* EventPool.cpp in Sources */ = {isa = PBXBuildFile; fileRef = EABB38EB1600D6FA0009D8F7 /* EventPool.cpp */; };
		EABB38F21600DCF00009D8F7 /* tinythread.cpp in Sources */ = {isa = PBXBuildFile; fileRef = EABB38F01600DCF00009D8F7 /* tinythread.cpp */; };
		EABB38F516010B670009D8F7 /* Engine.cpp in Sources */ = {isa = PBXBuildFile; fileRef = EABB38F316010B670009D8F7 /* Engine.cpp */; };
		EABB38F716010F160009D8F7 /* EngineUser.cpp in Sources */ = {isa = PBXBuildFile; fileRef = EABB38F616010F160009D8F7 /* EngineUser.cpp */; };
		EACD243815D7E48D00453F75 /* Cocoa.framework in Frameworks */ = {isa = PBXBuildFile; fileRef = EACD243715D7E48D00453F75 /* Cocoa.framework */; };
		EACD245A15D7E53300453F75 /* OpenGL.framework in Frameworks */ = {isa = PBXBuildFile; fileRef = EACD245915D7E53300453F75 /* OpenGL.framework */; };
		EACD245C15D7E7E000453F75 /* main.mm in Sources */ = {isa = PBXBuildFile; fileRef = EACD245B15D7E7E000453F75 /* main.mm */; };
		EACD246215D7EEFD00453F75 /* LEGLView.mm in Sources */ = {isa = PBXBuildFile; fileRef = EACD246115D7EEF400453F75 /* LEGLView.mm */; };
		EACD246E15D7EFEA00453F75 /* QuartzCore.framework in Frameworks */ = {isa = PBXBuildFile; fileRef = EACD246D15D7EFEA00453F75 /* QuartzCore.framework */; };
		EACD247915D7F82100453F75 /* stb_image.c in Sources */ = {isa = PBXBuildFile; fileRef = EACD247115D7F82100453F75 /* stb_image.c */; };
		EACD249415D81A6800453F75 /* Log.cpp in Sources */ = {isa = PBXBuildFile; fileRef = EACD248D15D81A6800453F75 /* Log.cpp */; };
		EACD249615D81A6800453F75 /* Path.cpp in Sources */ = {isa = PBXBuildFile; fileRef = EACD249115D81A6800453F75 /* Path.cpp */; };
		EACD24A115D81FF600453F75 /* StringStream.cpp in Sources */ = {isa = PBXBuildFile; fileRef = EACD249F15D81FF600453F75 /* StringStream.cpp */; };
		EACD24A315D825A600453F75 /* PlatformMac.mm in Sources */ = {isa = PBXBuildFile; fileRef = EACD24A215D825A600453F75 /* PlatformMac.mm */; };
		EACD24A715D8338800453F75 /* Data.cpp in Sources */ = {isa = PBXBuildFile; fileRef = EACD24A515D8333100453F75 /* Data.cpp */; };
		EACD24AE15D852AC00453F75 /* Color.cpp in Sources */ = {isa = PBXBuildFile; fileRef = EACD24AD15D852AC00453F75 /* Color.cpp */; };
		EACD24B015D852B300453F75 /* Rect.cpp in Sources */ = {isa = PBXBuildFile; fileRef = EACD24AF15D852B300453F75 /* Rect.cpp */; };
		EACD24B315D8531200453F75 /* Vec2.cpp in Sources */ = {isa = PBXBuildFile; fileRef = EACD24B115D8531200453F75 /* Vec2.cpp */; };
		EACD24B415D8531B00453F75 /* Bitmap.cpp in Sources */ = {isa = PBXBuildFile; fileRef = EACD24A815D851AB00453F75 /* Bitmap.cpp */; };
		EAF0438715F7A88E0095549F /* HostBuffer.cpp in Sources */ = {isa = PBXBuildFile; fileRef = EA945F0815F7A87B004EE290 /* HostBuffer.cpp */; };
		EAF0438815F7A88E0095549F /* HybridBuffer.cpp in Sources */ = {isa = PBXBuildFile; fileRef = EA945F0A15F7A87B004EE290 /* HybridBuffer.cpp */; };
		EAF0438915F7A88E0095549F /* HybridIndexBuffer.cpp in Sources */ = {isa = PBXBuildFile; fileRef = EA945F0C15F7A87B004EE290 /* HybridIndexBuffer.cpp */; };
		EAF0438A15F7A88E0095549F /* HybridVertexBuffer.cpp in Sources */ = {isa = PBXBuildFile; fileRef = EA945F0E15F7A87C004EE290 /* HybridVertexBuffer.cpp */; };
		EAF87C7A15E903A900986F86 /* Buffer.cpp in Sources */ = {isa = PBXBuildFile; fileRef = EAF87C7815E903A900986F86 /* Buffer.cpp */; };
		EAF87C7E15E903B800986F86 /* BufferLayout.cpp in Sources */ = {isa = PBXBuildFile; fileRef = EAF87C7C15E903B800986F86 /* BufferLayout.cpp */; };
/* End PBXBuildFile section */

/* Begin PBXFileReference section */
		254442B6160288A200D9D363 /* Animation.cpp */ = {isa = PBXFileReference; fileEncoding = 4; lastKnownFileType = sourcecode.cpp.cpp; path = Animation.cpp; sourceTree = "<group>"; };
		254442B9160288D200D9D363 /* Animation.h */ = {isa = PBXFileReference; fileEncoding = 4; lastKnownFileType = sourcecode.c.h; path = Animation.h; sourceTree = "<group>"; };
		8D14B50416029AD1004399C4 /* Canvas.cpp */ = {isa = PBXFileReference; fileEncoding = 4; lastKnownFileType = sourcecode.cpp.cpp; path = Canvas.cpp; sourceTree = "<group>"; };
		8D14B50516029AD1004399C4 /* Canvas.h */ = {isa = PBXFileReference; fileEncoding = 4; lastKnownFileType = sourcecode.c.h; path = Canvas.h; sourceTree = "<group>"; };
		8D14B54E16035151004399C4 /* UIKit.framework */ = {isa = PBXFileReference; lastKnownFileType = wrapper.framework; name = UIKit.framework; path = Library/Frameworks/UIKit.framework; sourceTree = DEVELOPER_DIR; };
		8D14B55016035151004399C4 /* Foundation.framework */ = {isa = PBXFileReference; lastKnownFileType = wrapper.framework; name = Foundation.framework; path = Library/Frameworks/Foundation.framework; sourceTree = DEVELOPER_DIR; };
		8D14B55216035151004399C4 /* CoreGraphics.framework */ = {isa = PBXFileReference; lastKnownFileType = wrapper.framework; name = CoreGraphics.framework; path = Library/Frameworks/CoreGraphics.framework; sourceTree = DEVELOPER_DIR; };
		8D14B55416035151004399C4 /* GLKit.framework */ = {isa = PBXFileReference; lastKnownFileType = wrapper.framework; name = GLKit.framework; path = Library/Frameworks/GLKit.framework; sourceTree = DEVELOPER_DIR; };
		8D14B55616035151004399C4 /* OpenGLES.framework */ = {isa = PBXFileReference; lastKnownFileType = wrapper.framework; name = OpenGLES.framework; path = Library/Frameworks/OpenGLES.framework; sourceTree = DEVELOPER_DIR; };
		8D14B55A16035151004399C4 /* ReRunner-Info.plist */ = {isa = PBXFileReference; lastKnownFileType = text.plist.xml; path = "ReRunner-Info.plist"; sourceTree = "<group>"; };
		8D14B55C16035151004399C4 /* en */ = {isa = PBXFileReference; lastKnownFileType = text.plist.strings; name = en; path = en.lproj/InfoPlist.strings; sourceTree = "<group>"; };
		8D14B55E16035151004399C4 /* main.mm */ = {isa = PBXFileReference; lastKnownFileType = sourcecode.cpp.objcpp; path = main.mm; sourceTree = "<group>"; };
		8D14B56016035151004399C4 /* ReRunner-Prefix.pch */ = {isa = PBXFileReference; lastKnownFileType = sourcecode.c.h; path = "ReRunner-Prefix.pch"; sourceTree = "<group>"; };
		8D14B56116035151004399C4 /* AppDelegate.h */ = {isa = PBXFileReference; lastKnownFileType = sourcecode.c.h; path = AppDelegate.h; sourceTree = "<group>"; };
		8D14B56216035151004399C4 /* AppDelegate.mm */ = {isa = PBXFileReference; lastKnownFileType = sourcecode.cpp.objcpp; path = AppDelegate.mm; sourceTree = "<group>"; };
		8D14B56816035151004399C4 /* ViewController.h */ = {isa = PBXFileReference; lastKnownFileType = sourcecode.c.h; path = ViewController.h; sourceTree = "<group>"; };
		8D14B56916035151004399C4 /* ViewController.mm */ = {isa = PBXFileReference; lastKnownFileType = sourcecode.cpp.objcpp; path = ViewController.mm; sourceTree = "<group>"; };
		8D14B56C16035151004399C4 /* en */ = {isa = PBXFileReference; lastKnownFileType = file.xib; name = en; path = en.lproj/ViewController.xib; sourceTree = "<group>"; };
		8D14B5A616035B60004399C4 /* ContextIOS.mm */ = {isa = PBXFileReference; fileEncoding = 4; lastKnownFileType = sourcecode.cpp.objcpp; path = ContextIOS.mm; sourceTree = "<group>"; };
		8D14B5A816035D18004399C4 /* PlatformIOS.mm */ = {isa = PBXFileReference; fileEncoding = 4; lastKnownFileType = sourcecode.cpp.objcpp; path = PlatformIOS.mm; sourceTree = "<group>"; };
		8DF374D21603725800DA0547 /* ReRunner.app */ = {isa = PBXFileReference; explicitFileType = wrapper.application; includeInIndex = 0; path = ReRunner.app; sourceTree = BUILT_PRODUCTS_DIR; };
		8DF375321603743900DA0547 /* COPYRIGHT.TXT */ = {isa = PBXFileReference; fileEncoding = 4; lastKnownFileType = text; path = COPYRIGHT.TXT; sourceTree = "<group>"; };
		8DF375331603743900DA0547 /* local.conf */ = {isa = PBXFileReference; fileEncoding = 4; lastKnownFileType = text.xml; path = local.conf; sourceTree = "<group>"; };
		8DF375341603743900DA0547 /* README.TXT */ = {isa = PBXFileReference; fileEncoding = 4; lastKnownFileType = text; path = README.TXT; sourceTree = "<group>"; };
		8DF375351603743900DA0547 /* RELEASENOTES.TXT */ = {isa = PBXFileReference; fileEncoding = 4; lastKnownFileType = text; path = RELEASENOTES.TXT; sourceTree = "<group>"; };
		8DF375361603743900DA0547 /* Vera.ttf */ = {isa = PBXFileReference; lastKnownFileType = file; path = Vera.ttf; sourceTree = "<group>"; };
		8DF375371603743900DA0547 /* VeraBd.ttf */ = {isa = PBXFileReference; lastKnownFileType = file; path = VeraBd.ttf; sourceTree = "<group>"; };
		8DF375381603743900DA0547 /* VeraBI.ttf */ = {isa = PBXFileReference; lastKnownFileType = file; path = VeraBI.ttf; sourceTree = "<group>"; };
		8DF375391603743900DA0547 /* VeraIt.ttf */ = {isa = PBXFileReference; lastKnownFileType = file; path = VeraIt.ttf; sourceTree = "<group>"; };
		8DF3753A1603743900DA0547 /* VeraMoBd.ttf */ = {isa = PBXFileReference; lastKnownFileType = file; path = VeraMoBd.ttf; sourceTree = "<group>"; };
		8DF3753B1603743900DA0547 /* VeraMoBI.ttf */ = {isa = PBXFileReference; lastKnownFileType = file; path = VeraMoBI.ttf; sourceTree = "<group>"; };
		8DF3753C1603743900DA0547 /* VeraMoIt.ttf */ = {isa = PBXFileReference; lastKnownFileType = file; path = VeraMoIt.ttf; sourceTree = "<group>"; };
		8DF3753D1603743900DA0547 /* VeraMono.ttf */ = {isa = PBXFileReference; lastKnownFileType = file; path = VeraMono.ttf; sourceTree = "<group>"; };
		8DF3753E1603743900DA0547 /* VeraSe.ttf */ = {isa = PBXFileReference; lastKnownFileType = file; path = VeraSe.ttf; sourceTree = "<group>"; };
		8DF3753F1603743900DA0547 /* VeraSeBd.ttf */ = {isa = PBXFileReference; lastKnownFileType = file; path = VeraSeBd.ttf; sourceTree = "<group>"; };
		8DF375411603743900DA0547 /* color.fs */ = {isa = PBXFileReference; fileEncoding = 4; lastKnownFileType = sourcecode.glsl; path = color.fs; sourceTree = "<group>"; };
		8DF375421603743900DA0547 /* color.vs */ = {isa = PBXFileReference; fileEncoding = 4; lastKnownFileType = sourcecode.glsl; path = color.vs; sourceTree = "<group>"; };
		8DF375431603743900DA0547 /* texture.fs */ = {isa = PBXFileReference; fileEncoding = 4; lastKnownFileType = sourcecode.glsl; path = texture.fs; sourceTree = "<group>"; };
		8DF375441603743900DA0547 /* texture.vs */ = {isa = PBXFileReference; fileEncoding = 4; lastKnownFileType = sourcecode.glsl; path = texture.vs; sourceTree = "<group>"; };
		8DF375451603743900DA0547 /* rings.png */ = {isa = PBXFileReference; lastKnownFileType = image.png; path = rings.png; sourceTree = "<group>"; };
		EA0C315215FCDBFE00661552 /* ShaderPreprocessor.cpp */ = {isa = PBXFileReference; fileEncoding = 4; lastKnownFileType = sourcecode.cpp.cpp; path = ShaderPreprocessor.cpp; sourceTree = "<group>"; };
		EA0C315315FCDBFE00661552 /* ShaderPreprocessor.h */ = {isa = PBXFileReference; fileEncoding = 4; lastKnownFileType = sourcecode.c.h; path = ShaderPreprocessor.h; sourceTree = "<group>"; };
		EA0C315615FCDC0900661552 /* StringAdditions.cpp */ = {isa = PBXFileReference; lastKnownFileType = sourcecode.cpp.cpp; path = StringAdditions.cpp; sourceTree = "<group>"; };
		EA0C315715FCDC0900661552 /* StringAdditions.h */ = {isa = PBXFileReference; lastKnownFileType = sourcecode.c.h; path = StringAdditions.h; sourceTree = "<group>"; };
		EA0C315E15FD25A100661552 /* Camera.cpp */ = {isa = PBXFileReference; fileEncoding = 4; lastKnownFileType = sourcecode.cpp.cpp; path = Camera.cpp; sourceTree = "<group>"; };
		EA0C315F15FD25A100661552 /* Camera.h */ = {isa = PBXFileReference; fileEncoding = 4; lastKnownFileType = sourcecode.c.h; path = Camera.h; sourceTree = "<group>"; };
		EA0C316015FD25A100661552 /* Camera2D.cpp */ = {isa = PBXFileReference; fileEncoding = 4; lastKnownFileType = sourcecode.cpp.cpp; path = Camera2D.cpp; sourceTree = "<group>"; };
		EA0C316115FD25A100661552 /* Camera2D.h */ = {isa = PBXFileReference; fileEncoding = 4; lastKnownFileType = sourcecode.c.h; path = Camera2D.h; sourceTree = "<group>"; };
		EA0C316215FD25A100661552 /* Camera3D.cpp */ = {isa = PBXFileReference; fileEncoding = 4; lastKnownFileType = sourcecode.cpp.cpp; path = Camera3D.cpp; sourceTree = "<group>"; };
		EA0C316315FD25A100661552 /* Camera3D.h */ = {isa = PBXFileReference; fileEncoding = 4; lastKnownFileType = sourcecode.c.h; path = Camera3D.h; sourceTree = "<group>"; };
		EA0C316715FD28DF00661552 /* Material.cpp */ = {isa = PBXFileReference; fileEncoding = 4; lastKnownFileType = sourcecode.cpp.cpp; path = Material.cpp; sourceTree = "<group>"; };
		EA0C316815FD28DF00661552 /* Material.h */ = {isa = PBXFileReference; fileEncoding = 4; lastKnownFileType = sourcecode.c.h; path = Material.h; sourceTree = "<group>"; };
		EA0C316A15FD28E700661552 /* Mesh.cpp */ = {isa = PBXFileReference; fileEncoding = 4; lastKnownFileType = sourcecode.cpp.cpp; path = Mesh.cpp; sourceTree = "<group>"; };
		EA0C316B15FD28E700661552 /* Mesh.h */ = {isa = PBXFileReference; fileEncoding = 4; lastKnownFileType = sourcecode.c.h; path = Mesh.h; sourceTree = "<group>"; };
		EA0EEAF615E677F0000CBC13 /* RectPacker.cpp */ = {isa = PBXFileReference; fileEncoding = 4; lastKnownFileType = sourcecode.cpp.cpp; path = RectPacker.cpp; sourceTree = "<group>"; };
		EA0EEAF715E677F0000CBC13 /* RectPacker.h */ = {isa = PBXFileReference; fileEncoding = 4; lastKnownFileType = sourcecode.c.h; path = RectPacker.h; sourceTree = "<group>"; };
		EA0EEAFA15E677F9000CBC13 /* Vec3.cpp */ = {isa = PBXFileReference; lastKnownFileType = sourcecode.cpp.cpp; path = Vec3.cpp; sourceTree = "<group>"; };
		EA0EEAFB15E677F9000CBC13 /* Vec3.h */ = {isa = PBXFileReference; lastKnownFileType = sourcecode.c.h; path = Vec3.h; sourceTree = "<group>"; };
		EA0EEAFC15E677F9000CBC13 /* Vec4.cpp */ = {isa = PBXFileReference; lastKnownFileType = sourcecode.cpp.cpp; path = Vec4.cpp; sourceTree = "<group>"; };
		EA0EEAFD15E677F9000CBC13 /* Vec4.h */ = {isa = PBXFileReference; lastKnownFileType = sourcecode.c.h; path = Vec4.h; sourceTree = "<group>"; };
		EA0EEAFE15E67804000CBC13 /* Matrix.cpp */ = {isa = PBXFileReference; lastKnownFileType = sourcecode.cpp.cpp; path = Matrix.cpp; sourceTree = "<group>"; };
		EA0EEAFF15E67804000CBC13 /* Matrix.h */ = {isa = PBXFileReference; lastKnownFileType = sourcecode.c.h; path = Matrix.h; sourceTree = "<group>"; };
		EA88BDD915E26FE9006D2B1D /* prefix-debug.pch */ = {isa = PBXFileReference; lastKnownFileType = sourcecode.c.h; path = "prefix-debug.pch"; sourceTree = SOURCE_ROOT; };
		EA88BDDA15E26FE9006D2B1D /* prefix-release.pch */ = {isa = PBXFileReference; lastKnownFileType = sourcecode.c.h; path = "prefix-release.pch"; sourceTree = SOURCE_ROOT; };
		EA90FCB415DEAF9D0071F358 /* Bundle.cpp */ = {isa = PBXFileReference; lastKnownFileType = sourcecode.cpp.cpp; path = Bundle.cpp; sourceTree = "<group>"; };
		EA90FCB515DEAF9D0071F358 /* Bundle.h */ = {isa = PBXFileReference; lastKnownFileType = sourcecode.c.h; path = Bundle.h; sourceTree = "<group>"; };
		EA90FCBF15E151600071F358 /* Texture.cpp */ = {isa = PBXFileReference; lastKnownFileType = sourcecode.cpp.cpp; path = Texture.cpp; sourceTree = "<group>"; };
		EA90FCC015E151600071F358 /* Texture.h */ = {isa = PBXFileReference; lastKnownFileType = sourcecode.c.h; path = Texture.h; sourceTree = "<group>"; };
		EA90FCC215E15B4F0071F358 /* lgl.h */ = {isa = PBXFileReference; lastKnownFileType = sourcecode.c.h; path = lgl.h; sourceTree = "<group>"; };
		EA90FCC315E15C730071F358 /* lgl.cpp */ = {isa = PBXFileReference; fileEncoding = 4; lastKnownFileType = sourcecode.cpp.cpp; path = lgl.cpp; sourceTree = "<group>"; };
		EA945EF015F79F4B004EE290 /* VertexAttribute.cpp */ = {isa = PBXFileReference; fileEncoding = 4; lastKnownFileType = sourcecode.cpp.cpp; path = VertexAttribute.cpp; sourceTree = "<group>"; };
		EA945EF115F79F4B004EE290 /* VertexAttribute.h */ = {isa = PBXFileReference; fileEncoding = 4; lastKnownFileType = sourcecode.c.h; path = VertexAttribute.h; sourceTree = "<group>"; };
		EA945EF415F79F55004EE290 /* Uniform.cpp */ = {isa = PBXFileReference; fileEncoding = 4; lastKnownFileType = sourcecode.cpp.cpp; path = Uniform.cpp; sourceTree = "<group>"; };
		EA945EF515F79F55004EE290 /* Uniform.h */ = {isa = PBXFileReference; fileEncoding = 4; lastKnownFileType = sourcecode.c.h; path = Uniform.h; sourceTree = "<group>"; };
		EA945EF615F79F55004EE290 /* UniformBlock.cpp */ = {isa = PBXFileReference; fileEncoding = 4; lastKnownFileType = sourcecode.cpp.cpp; path = UniformBlock.cpp; sourceTree = "<group>"; };
		EA945EF715F79F56004EE290 /* UniformBlock.h */ = {isa = PBXFileReference; fileEncoding = 4; lastKnownFileType = sourcecode.c.h; path = UniformBlock.h; sourceTree = "<group>"; };
		EA945EF815F79F56004EE290 /* Variant.h */ = {isa = PBXFileReference; fileEncoding = 4; lastKnownFileType = sourcecode.c.h; path = Variant.h; sourceTree = "<group>"; };
		EA945EF915F79F56004EE290 /* VariantType.h */ = {isa = PBXFileReference; fileEncoding = 4; lastKnownFileType = sourcecode.c.h; path = VariantType.h; sourceTree = "<group>"; };
		EA945EFC15F7A418004EE290 /* Shader.cpp */ = {isa = PBXFileReference; lastKnownFileType = sourcecode.cpp.cpp; path = Shader.cpp; sourceTree = "<group>"; };
		EA945EFD15F7A418004EE290 /* Shader.h */ = {isa = PBXFileReference; lastKnownFileType = sourcecode.c.h; path = Shader.h; sourceTree = "<group>"; };
		EA945EFF15F7A428004EE290 /* ShaderProgram.cpp */ = {isa = PBXFileReference; lastKnownFileType = sourcecode.cpp.cpp; path = ShaderProgram.cpp; sourceTree = "<group>"; };
		EA945F0015F7A428004EE290 /* ShaderProgram.h */ = {isa = PBXFileReference; lastKnownFileType = sourcecode.c.h; path = ShaderProgram.h; sourceTree = "<group>"; };
		EA945F0115F7A430004EE290 /* VertexShader.cpp */ = {isa = PBXFileReference; lastKnownFileType = sourcecode.cpp.cpp; path = VertexShader.cpp; sourceTree = "<group>"; };
		EA945F0215F7A430004EE290 /* VertexShader.h */ = {isa = PBXFileReference; lastKnownFileType = sourcecode.c.h; path = VertexShader.h; sourceTree = "<group>"; };
		EA945F0315F7A43A004EE290 /* FragmentShader.cpp */ = {isa = PBXFileReference; lastKnownFileType = sourcecode.cpp.cpp; path = FragmentShader.cpp; sourceTree = "<group>"; };
		EA945F0415F7A43A004EE290 /* FragmentShader.h */ = {isa = PBXFileReference; lastKnownFileType = sourcecode.c.h; path = FragmentShader.h; sourceTree = "<group>"; };
		EA945F0815F7A87B004EE290 /* HostBuffer.cpp */ = {isa = PBXFileReference; lastKnownFileType = sourcecode.cpp.cpp; path = HostBuffer.cpp; sourceTree = "<group>"; };
		EA945F0915F7A87B004EE290 /* HostBuffer.h */ = {isa = PBXFileReference; lastKnownFileType = sourcecode.c.h; path = HostBuffer.h; sourceTree = "<group>"; };
		EA945F0A15F7A87B004EE290 /* HybridBuffer.cpp */ = {isa = PBXFileReference; lastKnownFileType = sourcecode.cpp.cpp; path = HybridBuffer.cpp; sourceTree = "<group>"; };
		EA945F0B15F7A87B004EE290 /* HybridBuffer.h */ = {isa = PBXFileReference; lastKnownFileType = sourcecode.c.h; path = HybridBuffer.h; sourceTree = "<group>"; };
		EA945F0C15F7A87B004EE290 /* HybridIndexBuffer.cpp */ = {isa = PBXFileReference; lastKnownFileType = sourcecode.cpp.cpp; path = HybridIndexBuffer.cpp; sourceTree = "<group>"; };
		EA945F0D15F7A87C004EE290 /* HybridIndexBuffer.h */ = {isa = PBXFileReference; lastKnownFileType = sourcecode.c.h; path = HybridIndexBuffer.h; sourceTree = "<group>"; };
		EA945F0E15F7A87C004EE290 /* HybridVertexBuffer.cpp */ = {isa = PBXFileReference; lastKnownFileType = sourcecode.cpp.cpp; path = HybridVertexBuffer.cpp; sourceTree = "<group>"; };
		EA945F0F15F7A87C004EE290 /* HybridVertexBuffer.h */ = {isa = PBXFileReference; lastKnownFileType = sourcecode.c.h; path = HybridVertexBuffer.h; sourceTree = "<group>"; };
		EAADB60D15FF97FD008F7450 /* BitmapPacker.cpp */ = {isa = PBXFileReference; fileEncoding = 4; lastKnownFileType = sourcecode.cpp.cpp; path = BitmapPacker.cpp; sourceTree = "<group>"; };
		EAADB60E15FF97FD008F7450 /* BitmapPacker.h */ = {isa = PBXFileReference; fileEncoding = 4; lastKnownFileType = sourcecode.c.h; path = BitmapPacker.h; sourceTree = "<group>"; };
		EAADB61515FFA391008F7450 /* Font.cpp */ = {isa = PBXFileReference; fileEncoding = 4; lastKnownFileType = sourcecode.cpp.cpp; path = Font.cpp; sourceTree = "<group>"; };
		EAADB61615FFA391008F7450 /* Font.h */ = {isa = PBXFileReference; fileEncoding = 4; lastKnownFileType = sourcecode.c.h; path = Font.h; sourceTree = "<group>"; };
		EAADB61715FFA391008F7450 /* FontManager.cpp */ = {isa = PBXFileReference; fileEncoding = 4; lastKnownFileType = sourcecode.cpp.cpp; path = FontManager.cpp; sourceTree = "<group>"; };
		EAADB61815FFA391008F7450 /* FontManager.h */ = {isa = PBXFileReference; fileEncoding = 4; lastKnownFileType = sourcecode.c.h; path = FontManager.h; sourceTree = "<group>"; };
		EAADB61B15FFA3A2008F7450 /* TextBreakmodes.h */ = {isa = PBXFileReference; fileEncoding = 4; lastKnownFileType = sourcecode.c.h; path = TextBreakmodes.h; sourceTree = "<group>"; };
		EAADB61C15FFA3A2008F7450 /* TextBuffer.cpp */ = {isa = PBXFileReference; fileEncoding = 4; lastKnownFileType = sourcecode.cpp.cpp; path = TextBuffer.cpp; sourceTree = "<group>"; };
		EAADB61D15FFA3A2008F7450 /* TextBuffer.h */ = {isa = PBXFileReference; fileEncoding = 4; lastKnownFileType = sourcecode.c.h; path = TextBuffer.h; sourceTree = "<group>"; };
		EAADB61E15FFA3A2008F7450 /* TextMesh.cpp */ = {isa = PBXFileReference; fileEncoding = 4; lastKnownFileType = sourcecode.cpp.cpp; path = TextMesh.cpp; sourceTree = "<group>"; };
		EAADB61F15FFA3A2008F7450 /* TextMesh.h */ = {isa = PBXFileReference; fileEncoding = 4; lastKnownFileType = sourcecode.c.h; path = TextMesh.h; sourceTree = "<group>"; };
		EAADB62015FFA3A2008F7450 /* TextRender.cpp */ = {isa = PBXFileReference; fileEncoding = 4; lastKnownFileType = sourcecode.cpp.cpp; path = TextRender.cpp; sourceTree = "<group>"; };
		EAADB62115FFA3A2008F7450 /* TextRender.h */ = {isa = PBXFileReference; fileEncoding = 4; lastKnownFileType = sourcecode.c.h; path = TextRender.h; sourceTree = "<group>"; };
		EAADB62515FFA3BA008F7450 /* TruetypeFont.cpp */ = {isa = PBXFileReference; fileEncoding = 4; lastKnownFileType = sourcecode.cpp.cpp; path = TruetypeFont.cpp; sourceTree = "<group>"; };
		EAADB62615FFA3BA008F7450 /* TruetypeFont.h */ = {isa = PBXFileReference; fileEncoding = 4; lastKnownFileType = sourcecode.c.h; path = TruetypeFont.h; sourceTree = "<group>"; };
		EAADB62815FFA76B008F7450 /* Glyph.cpp */ = {isa = PBXFileReference; fileEncoding = 4; lastKnownFileType = sourcecode.cpp.cpp; path = Glyph.cpp; sourceTree = "<group>"; };
		EAADB62915FFA76B008F7450 /* Glyph.h */ = {isa = PBXFileReference; fileEncoding = 4; lastKnownFileType = sourcecode.c.h; path = Glyph.h; sourceTree = "<group>"; };
		EAADB62B15FFABC4008F7450 /* Quad.cpp */ = {isa = PBXFileReference; fileEncoding = 4; lastKnownFileType = sourcecode.cpp.cpp; path = Quad.cpp; sourceTree = "<group>"; };
		EAADB62C15FFABC4008F7450 /* Quad.h */ = {isa = PBXFileReference; fileEncoding = 4; lastKnownFileType = sourcecode.c.h; path = Quad.h; sourceTree = "<group>"; };
		EAADB62E15FFB7DD008F7450 /* Range.h */ = {isa = PBXFileReference; fileEncoding = 4; lastKnownFileType = sourcecode.c.h; path = Range.h; sourceTree = "<group>"; };
		EAB2B8FE15FE3DEE001CF4EF /* Context.h */ = {isa = PBXFileReference; fileEncoding = 4; lastKnownFileType = sourcecode.c.h; path = Context.h; sourceTree = "<group>"; };
		EAB2B90C15FE4703001CF4EF /* Context.cpp */ = {isa = PBXFileReference; fileEncoding = 4; lastKnownFileType = sourcecode.cpp.cpp; path = Context.cpp; sourceTree = "<group>"; };
		EAB2B90E15FE470A001CF4EF /* ContextMac.mm */ = {isa = PBXFileReference; fileEncoding = 4; lastKnownFileType = sourcecode.cpp.objcpp; path = ContextMac.mm; sourceTree = "<group>"; };
		EABB38DF1600CC990009D8F7 /* LEAppDelegate.mm */ = {isa = PBXFileReference; fileEncoding = 4; lastKnownFileType = sourcecode.cpp.objcpp; path = LEAppDelegate.mm; sourceTree = SOURCE_ROOT; };
		EABB38E21600CDD80009D8F7 /* LEWindow.h */ = {isa = PBXFileReference; fileEncoding = 4; lastKnownFileType = sourcecode.c.h; path = LEWindow.h; sourceTree = SOURCE_ROOT; };
		EABB38E31600CDD80009D8F7 /* LEWindow.mm */ = {isa = PBXFileReference; fileEncoding = 4; lastKnownFileType = sourcecode.cpp.objcpp; path = LEWindow.mm; sourceTree = SOURCE_ROOT; };
		EABB38E51600D42B0009D8F7 /* Event.cpp */ = {isa = PBXFileReference; fileEncoding = 4; lastKnownFileType = sourcecode.cpp.cpp; path = Event.cpp; sourceTree = "<group>"; };
		EABB38E61600D42B0009D8F7 /* Event.h */ = {isa = PBXFileReference; fileEncoding = 4; lastKnownFileType = sourcecode.c.h; path = Event.h; sourceTree = "<group>"; };
		EABB38E71600D42B0009D8F7 /* EventQueue.cpp */ = {isa = PBXFileReference; fileEncoding = 4; lastKnownFileType = sourcecode.cpp.cpp; path = EventQueue.cpp; sourceTree = "<group>"; };
		EABB38E81600D42B0009D8F7 /* EventQueue.h */ = {isa = PBXFileReference; fileEncoding = 4; lastKnownFileType = sourcecode.c.h; path = EventQueue.h; sourceTree = "<group>"; };
		EABB38EB1600D6FA0009D8F7 /* EventPool.cpp */ = {isa = PBXFileReference; fileEncoding = 4; lastKnownFileType = sourcecode.cpp.cpp; path = EventPool.cpp; sourceTree = "<group>"; };
		EABB38EC1600D6FA0009D8F7 /* EventPool.h */ = {isa = PBXFileReference; fileEncoding = 4; lastKnownFileType = sourcecode.c.h; path = EventPool.h; sourceTree = "<group>"; };
		EABB38EF1600DCF00009D8F7 /* fast_mutex.h */ = {isa = PBXFileReference; fileEncoding = 4; lastKnownFileType = sourcecode.c.h; name = fast_mutex.h; path = ../thirdparty/tinythread/source/fast_mutex.h; sourceTree = "<group>"; };
		EABB38F01600DCF00009D8F7 /* tinythread.cpp */ = {isa = PBXFileReference; fileEncoding = 4; lastKnownFileType = sourcecode.cpp.cpp; name = tinythread.cpp; path = ../thirdparty/tinythread/source/tinythread.cpp; sourceTree = "<group>"; };
		EABB38F11600DCF00009D8F7 /* tinythread.h */ = {isa = PBXFileReference; fileEncoding = 4; lastKnownFileType = sourcecode.c.h; name = tinythread.h; path = ../thirdparty/tinythread/source/tinythread.h; sourceTree = "<group>"; };
		EABB38F316010B670009D8F7 /* Engine.cpp */ = {isa = PBXFileReference; fileEncoding = 4; lastKnownFileType = sourcecode.cpp.cpp; path = Engine.cpp; sourceTree = "<group>"; };
		EABB38F416010B670009D8F7 /* Engine.h */ = {isa = PBXFileReference; fileEncoding = 4; lastKnownFileType = sourcecode.c.h; path = Engine.h; sourceTree = "<group>"; };
		EABB38F616010F160009D8F7 /* EngineUser.cpp */ = {isa = PBXFileReference; fileEncoding = 4; lastKnownFileType = sourcecode.cpp.cpp; path = EngineUser.cpp; sourceTree = "<group>"; };
		EACD243315D7E48D00453F75 /* LostEngine2.app */ = {isa = PBXFileReference; explicitFileType = wrapper.application; includeInIndex = 0; path = LostEngine2.app; sourceTree = BUILT_PRODUCTS_DIR; };
		EACD243715D7E48D00453F75 /* Cocoa.framework */ = {isa = PBXFileReference; lastKnownFileType = wrapper.framework; name = Cocoa.framework; path = System/Library/Frameworks/Cocoa.framework; sourceTree = SDKROOT; };
		EACD243F15D7E48D00453F75 /* LostEngine2-Info.plist */ = {isa = PBXFileReference; lastKnownFileType = text.plist.xml; path = "LostEngine2-Info.plist"; sourceTree = "<group>"; };
		EACD244515D7E48D00453F75 /* LostEngine2-Prefix.pch */ = {isa = PBXFileReference; lastKnownFileType = sourcecode.c.h; path = "LostEngine2-Prefix.pch"; sourceTree = "<group>"; };
		EACD245915D7E53300453F75 /* OpenGL.framework */ = {isa = PBXFileReference; lastKnownFileType = wrapper.framework; name = OpenGL.framework; path = System/Library/Frameworks/OpenGL.framework; sourceTree = SDKROOT; };
		EACD245B15D7E7E000453F75 /* main.mm */ = {isa = PBXFileReference; fileEncoding = 4; lastKnownFileType = sourcecode.cpp.objcpp; path = main.mm; sourceTree = SOURCE_ROOT; };
		EACD245D15D7E7F700453F75 /* LEAppDelegate.h */ = {isa = PBXFileReference; fileEncoding = 4; lastKnownFileType = sourcecode.c.h; path = LEAppDelegate.h; sourceTree = SOURCE_ROOT; };
		EACD246015D7EEF400453F75 /* LEGLView.h */ = {isa = PBXFileReference; lastKnownFileType = sourcecode.c.h; path = LEGLView.h; sourceTree = SOURCE_ROOT; };
		EACD246115D7EEF400453F75 /* LEGLView.mm */ = {isa = PBXFileReference; lastKnownFileType = sourcecode.cpp.objcpp; path = LEGLView.mm; sourceTree = SOURCE_ROOT; };
		EACD246D15D7EFEA00453F75 /* QuartzCore.framework */ = {isa = PBXFileReference; lastKnownFileType = wrapper.framework; name = QuartzCore.framework; path = System/Library/Frameworks/QuartzCore.framework; sourceTree = SDKROOT; };
		EACD247015D7F82100453F75 /* stb_image_write.h */ = {isa = PBXFileReference; fileEncoding = 4; lastKnownFileType = sourcecode.c.h; name = stb_image_write.h; path = ../thirdparty/stb_image_write.h; sourceTree = "<group>"; };
		EACD247115D7F82100453F75 /* stb_image.c */ = {isa = PBXFileReference; fileEncoding = 4; lastKnownFileType = sourcecode.c.c; name = stb_image.c; path = ../thirdparty/stb_image.c; sourceTree = "<group>"; };
		EACD247215D7F82100453F75 /* stb_truetype.h */ = {isa = PBXFileReference; fileEncoding = 4; lastKnownFileType = sourcecode.c.h; name = stb_truetype.h; path = ../thirdparty/stb_truetype.h; sourceTree = "<group>"; };
		EACD247515D7F82100453F75 /* checked.h */ = {isa = PBXFileReference; fileEncoding = 4; lastKnownFileType = sourcecode.c.h; path = checked.h; sourceTree = "<group>"; };
		EACD247615D7F82100453F75 /* core.h */ = {isa = PBXFileReference; fileEncoding = 4; lastKnownFileType = sourcecode.c.h; path = core.h; sourceTree = "<group>"; };
		EACD247715D7F82100453F75 /* unchecked.h */ = {isa = PBXFileReference; fileEncoding = 4; lastKnownFileType = sourcecode.c.h; path = unchecked.h; sourceTree = "<group>"; };
		EACD247815D7F82100453F75 /* utf8.h */ = {isa = PBXFileReference; fileEncoding = 4; lastKnownFileType = sourcecode.c.h; path = utf8.h; sourceTree = "<group>"; };
		EACD248D15D81A6800453F75 /* Log.cpp */ = {isa = PBXFileReference; fileEncoding = 4; lastKnownFileType = sourcecode.cpp.cpp; path = Log.cpp; sourceTree = "<group>"; };
		EACD248E15D81A6800453F75 /* Log.h */ = {isa = PBXFileReference; fileEncoding = 4; lastKnownFileType = sourcecode.c.h; path = Log.h; sourceTree = "<group>"; };
		EACD249115D81A6800453F75 /* Path.cpp */ = {isa = PBXFileReference; fileEncoding = 4; lastKnownFileType = sourcecode.cpp.cpp; path = Path.cpp; sourceTree = "<group>"; };
		EACD249215D81A6800453F75 /* Path.h */ = {isa = PBXFileReference; fileEncoding = 4; lastKnownFileType = sourcecode.c.h; path = Path.h; sourceTree = "<group>"; };
		EACD249315D81A6800453F75 /* prefix-shared.h */ = {isa = PBXFileReference; fileEncoding = 4; lastKnownFileType = sourcecode.c.h; path = "prefix-shared.h"; sourceTree = "<group>"; };
		EACD249715D81B3E00453F75 /* types.h */ = {isa = PBXFileReference; lastKnownFileType = sourcecode.c.h; path = types.h; sourceTree = "<group>"; };
		EACD249815D81E4400453F75 /* Platform.h */ = {isa = PBXFileReference; lastKnownFileType = sourcecode.c.h; path = Platform.h; sourceTree = "<group>"; };
		EACD249915D81E4400453F75 /* PlatformPaths.h */ = {isa = PBXFileReference; lastKnownFileType = sourcecode.c.h; path = PlatformPaths.h; sourceTree = "<group>"; };
		EACD249A15D81E4400453F75 /* PlatformThread.h */ = {isa = PBXFileReference; lastKnownFileType = sourcecode.c.h; path = PlatformThread.h; sourceTree = "<group>"; };
		EACD249B15D81E4400453F75 /* PlatformTime.h */ = {isa = PBXFileReference; lastKnownFileType = sourcecode.c.h; path = PlatformTime.h; sourceTree = "<group>"; };
		EACD249C15D81E4400453F75 /* PlatformType.h */ = {isa = PBXFileReference; lastKnownFileType = sourcecode.c.h; path = PlatformType.h; sourceTree = "<group>"; };
		EACD249F15D81FF600453F75 /* StringStream.cpp */ = {isa = PBXFileReference; fileEncoding = 4; lastKnownFileType = sourcecode.cpp.cpp; path = StringStream.cpp; sourceTree = "<group>"; };
		EACD24A015D81FF600453F75 /* StringStream.h */ = {isa = PBXFileReference; fileEncoding = 4; lastKnownFileType = sourcecode.c.h; path = StringStream.h; sourceTree = "<group>"; };
		EACD24A215D825A600453F75 /* PlatformMac.mm */ = {isa = PBXFileReference; fileEncoding = 4; lastKnownFileType = sourcecode.cpp.objcpp; path = PlatformMac.mm; sourceTree = "<group>"; };
		EACD24A415D8328900453F75 /* shared_ptr.h */ = {isa = PBXFileReference; lastKnownFileType = sourcecode.c.h; path = shared_ptr.h; sourceTree = "<group>"; };
		EACD24A515D8333100453F75 /* Data.cpp */ = {isa = PBXFileReference; lastKnownFileType = sourcecode.cpp.cpp; path = Data.cpp; sourceTree = "<group>"; };
		EACD24A615D8333100453F75 /* Data.h */ = {isa = PBXFileReference; lastKnownFileType = sourcecode.c.h; path = Data.h; sourceTree = "<group>"; };
		EACD24A815D851AB00453F75 /* Bitmap.cpp */ = {isa = PBXFileReference; lastKnownFileType = sourcecode.cpp.cpp; path = Bitmap.cpp; sourceTree = "<group>"; };
		EACD24A915D851AB00453F75 /* Bitmap.h */ = {isa = PBXFileReference; lastKnownFileType = sourcecode.c.h; path = Bitmap.h; sourceTree = "<group>"; };
		EACD24AA15D8523300453F75 /* Disallow.h */ = {isa = PBXFileReference; lastKnownFileType = sourcecode.c.h; path = Disallow.h; sourceTree = "<group>"; };
		EACD24AB15D8528400453F75 /* Color.h */ = {isa = PBXFileReference; lastKnownFileType = sourcecode.c.h; path = Color.h; sourceTree = "<group>"; };
		EACD24AC15D8528A00453F75 /* Rect.h */ = {isa = PBXFileReference; lastKnownFileType = sourcecode.c.h; path = Rect.h; sourceTree = "<group>"; };
		EACD24AD15D852AC00453F75 /* Color.cpp */ = {isa = PBXFileReference; fileEncoding = 4; lastKnownFileType = sourcecode.cpp.cpp; path = Color.cpp; sourceTree = "<group>"; };
		EACD24AF15D852B300453F75 /* Rect.cpp */ = {isa = PBXFileReference; fileEncoding = 4; lastKnownFileType = sourcecode.cpp.cpp; path = Rect.cpp; sourceTree = "<group>"; };
		EACD24B115D8531200453F75 /* Vec2.cpp */ = {isa = PBXFileReference; fileEncoding = 4; lastKnownFileType = sourcecode.cpp.cpp; path = Vec2.cpp; sourceTree = "<group>"; };
		EACD24B215D8531200453F75 /* Vec2.h */ = {isa = PBXFileReference; fileEncoding = 4; lastKnownFileType = sourcecode.c.h; path = Vec2.h; sourceTree = "<group>"; };
		EACD24B515D853D300453F75 /* lmath.h */ = {isa = PBXFileReference; lastKnownFileType = sourcecode.c.h; path = lmath.h; sourceTree = "<group>"; };
		EAF87C7815E903A900986F86 /* Buffer.cpp */ = {isa = PBXFileReference; fileEncoding = 4; lastKnownFileType = sourcecode.cpp.cpp; path = Buffer.cpp; sourceTree = "<group>"; };
		EAF87C7915E903A900986F86 /* Buffer.h */ = {isa = PBXFileReference; fileEncoding = 4; lastKnownFileType = sourcecode.c.h; path = Buffer.h; sourceTree = "<group>"; };
		EAF87C7C15E903B800986F86 /* BufferLayout.cpp */ = {isa = PBXFileReference; fileEncoding = 4; lastKnownFileType = sourcecode.cpp.cpp; path = BufferLayout.cpp; sourceTree = "<group>"; };
		EAF87C7D15E903B800986F86 /* BufferLayout.h */ = {isa = PBXFileReference; fileEncoding = 4; lastKnownFileType = sourcecode.c.h; path = BufferLayout.h; sourceTree = "<group>"; };
/* End PBXFileReference section */

/* Begin PBXFrameworksBuildPhase section */
		8DF374CF1603725800DA0547 /* Frameworks */ = {
			isa = PBXFrameworksBuildPhase;
			buildActionMask = 2147483647;
			files = (
				8DF374D41603725800DA0547 /* UIKit.framework in Frameworks */,
				8DF374D51603725800DA0547 /* Foundation.framework in Frameworks */,
				8DF374D61603725800DA0547 /* CoreGraphics.framework in Frameworks */,
				8DF374D71603725800DA0547 /* GLKit.framework in Frameworks */,
				8DF374D81603725800DA0547 /* OpenGLES.framework in Frameworks */,
			);
			runOnlyForDeploymentPostprocessing = 0;
		};
		EACD243015D7E48D00453F75 /* Frameworks */ = {
			isa = PBXFrameworksBuildPhase;
			buildActionMask = 2147483647;
			files = (
				EACD246E15D7EFEA00453F75 /* QuartzCore.framework in Frameworks */,
				EACD245A15D7E53300453F75 /* OpenGL.framework in Frameworks */,
				EACD243815D7E48D00453F75 /* Cocoa.framework in Frameworks */,
			);
			runOnlyForDeploymentPostprocessing = 0;
		};
/* End PBXFrameworksBuildPhase section */

/* Begin PBXGroup section */
		8D14B55816035151004399C4 /* ReRunner */ = {
			isa = PBXGroup;
			children = (
				8D14B56116035151004399C4 /* AppDelegate.h */,
				8D14B56216035151004399C4 /* AppDelegate.mm */,
				8D14B56816035151004399C4 /* ViewController.h */,
				8D14B56916035151004399C4 /* ViewController.mm */,
				8D14B56B16035151004399C4 /* ViewController.xib */,
				8D14B55916035151004399C4 /* Supporting Files */,
			);
			path = ReRunner;
			sourceTree = "<group>";
		};
		8D14B55916035151004399C4 /* Supporting Files */ = {
			isa = PBXGroup;
			children = (
				8D14B55A16035151004399C4 /* ReRunner-Info.plist */,
				8D14B55B16035151004399C4 /* InfoPlist.strings */,
				8D14B55E16035151004399C4 /* main.mm */,
				8D14B56016035151004399C4 /* ReRunner-Prefix.pch */,
			);
			name = "Supporting Files";
			sourceTree = "<group>";
		};
		8DF3752F1603743900DA0547 /* resources */ = {
			isa = PBXGroup;
			children = (
				8DF375301603743900DA0547 /* fonts */,
				8DF375401603743900DA0547 /* glsl */,
				8DF375451603743900DA0547 /* rings.png */,
			);
			name = resources;
			path = ../resources;
			sourceTree = "<group>";
		};
		8DF375301603743900DA0547 /* fonts */ = {
			isa = PBXGroup;
			children = (
				8DF375311603743900DA0547 /* vera */,
			);
			path = fonts;
			sourceTree = "<group>";
		};
		8DF375311603743900DA0547 /* vera */ = {
			isa = PBXGroup;
			children = (
				8DF375321603743900DA0547 /* COPYRIGHT.TXT */,
				8DF375331603743900DA0547 /* local.conf */,
				8DF375341603743900DA0547 /* README.TXT */,
				8DF375351603743900DA0547 /* RELEASENOTES.TXT */,
				8DF375361603743900DA0547 /* Vera.ttf */,
				8DF375371603743900DA0547 /* VeraBd.ttf */,
				8DF375381603743900DA0547 /* VeraBI.ttf */,
				8DF375391603743900DA0547 /* VeraIt.ttf */,
				8DF3753A1603743900DA0547 /* VeraMoBd.ttf */,
				8DF3753B1603743900DA0547 /* VeraMoBI.ttf */,
				8DF3753C1603743900DA0547 /* VeraMoIt.ttf */,
				8DF3753D1603743900DA0547 /* VeraMono.ttf */,
				8DF3753E1603743900DA0547 /* VeraSe.ttf */,
				8DF3753F1603743900DA0547 /* VeraSeBd.ttf */,
			);
			path = vera;
			sourceTree = "<group>";
		};
		8DF375401603743900DA0547 /* glsl */ = {
			isa = PBXGroup;
			children = (
				8DF375411603743900DA0547 /* color.fs */,
				8DF375421603743900DA0547 /* color.vs */,
				8DF375431603743900DA0547 /* texture.fs */,
				8DF375441603743900DA0547 /* texture.vs */,
			);
			path = glsl;
			sourceTree = "<group>";
		};
		EABB38EE1600DCE10009D8F7 /* tinythread */ = {
			isa = PBXGroup;
			children = (
				EABB38EF1600DCF00009D8F7 /* fast_mutex.h */,
				EABB38F01600DCF00009D8F7 /* tinythread.cpp */,
				EABB38F11600DCF00009D8F7 /* tinythread.h */,
			);
			name = tinythread;
			sourceTree = "<group>";
		};
		EACD242815D7E48D00453F75 = {
			isa = PBXGroup;
			children = (
				EACD248C15D81A6800453F75 /* lost */,
				EACD243D15D7E48D00453F75 /* mac */,
				EACD246F15D7F35C00453F75 /* thirdparty */,
				8D14B55816035151004399C4 /* ReRunner */,
				EACD243615D7E48D00453F75 /* Frameworks */,
				EACD243415D7E48D00453F75 /* Products */,
				8DF3752F1603743900DA0547 /* resources */,
			);
			sourceTree = "<group>";
		};
		EACD243415D7E48D00453F75 /* Products */ = {
			isa = PBXGroup;
			children = (
				EACD243315D7E48D00453F75 /* LostEngine2.app */,
				8DF374D21603725800DA0547 /* ReRunner.app */,
			);
			name = Products;
			sourceTree = "<group>";
		};
		EACD243615D7E48D00453F75 /* Frameworks */ = {
			isa = PBXGroup;
			children = (
				EACD243715D7E48D00453F75 /* Cocoa.framework */,
				EACD245915D7E53300453F75 /* OpenGL.framework */,
				EACD246D15D7EFEA00453F75 /* QuartzCore.framework */,
				8D14B54E16035151004399C4 /* UIKit.framework */,
				8D14B55016035151004399C4 /* Foundation.framework */,
				8D14B55216035151004399C4 /* CoreGraphics.framework */,
				8D14B55416035151004399C4 /* GLKit.framework */,
				8D14B55616035151004399C4 /* OpenGLES.framework */,
			);
			name = Frameworks;
			sourceTree = "<group>";
		};
		EACD243D15D7E48D00453F75 /* mac */ = {
			isa = PBXGroup;
			children = (
				EACD245D15D7E7F700453F75 /* LEAppDelegate.h */,
				EABB38DF1600CC990009D8F7 /* LEAppDelegate.mm */,
				EACD246015D7EEF400453F75 /* LEGLView.h */,
				EACD246115D7EEF400453F75 /* LEGLView.mm */,
				EABB38E21600CDD80009D8F7 /* LEWindow.h */,
				EABB38E31600CDD80009D8F7 /* LEWindow.mm */,
				EACD243F15D7E48D00453F75 /* LostEngine2-Info.plist */,
				EACD244515D7E48D00453F75 /* LostEngine2-Prefix.pch */,
				EA88BDD915E26FE9006D2B1D /* prefix-debug.pch */,
				EA88BDDA15E26FE9006D2B1D /* prefix-release.pch */,
				EACD245B15D7E7E000453F75 /* main.mm */,
			);
			name = mac;
			path = LostEngine2;
			sourceTree = "<group>";
		};
		EACD246F15D7F35C00453F75 /* thirdparty */ = {
			isa = PBXGroup;
			children = (
				EABB38EE1600DCE10009D8F7 /* tinythread */,
				EACD247015D7F82100453F75 /* stb_image_write.h */,
				EACD247115D7F82100453F75 /* stb_image.c */,
				EACD247215D7F82100453F75 /* stb_truetype.h */,
				EACD247315D7F82100453F75 /* utfcpp */,
			);
			name = thirdparty;
			sourceTree = "<group>";
		};
		EACD247315D7F82100453F75 /* utfcpp */ = {
			isa = PBXGroup;
			children = (
				EACD247415D7F82100453F75 /* utf8 */,
				EACD247815D7F82100453F75 /* utf8.h */,
			);
			name = utfcpp;
			path = ../thirdparty/utfcpp;
			sourceTree = "<group>";
		};
		EACD247415D7F82100453F75 /* utf8 */ = {
			isa = PBXGroup;
			children = (
				EACD247515D7F82100453F75 /* checked.h */,
				EACD247615D7F82100453F75 /* core.h */,
				EACD247715D7F82100453F75 /* unchecked.h */,
			);
			path = utf8;
			sourceTree = "<group>";
		};
		EACD248C15D81A6800453F75 /* lost */ = {
			isa = PBXGroup;
			children = (
				EACD24A815D851AB00453F75 /* Bitmap.cpp */,
				EACD24A915D851AB00453F75 /* Bitmap.h */,
				EAADB60D15FF97FD008F7450 /* BitmapPacker.cpp */,
				EAADB60E15FF97FD008F7450 /* BitmapPacker.h */,
				EAF87C7815E903A900986F86 /* Buffer.cpp */,
				EAF87C7915E903A900986F86 /* Buffer.h */,
				EAF87C7C15E903B800986F86 /* BufferLayout.cpp */,
				EAF87C7D15E903B800986F86 /* BufferLayout.h */,
				EA90FCB415DEAF9D0071F358 /* Bundle.cpp */,
				EA90FCB515DEAF9D0071F358 /* Bundle.h */,
				EA0C315E15FD25A100661552 /* Camera.cpp */,
				EA0C315F15FD25A100661552 /* Camera.h */,
				EA0C316015FD25A100661552 /* Camera2D.cpp */,
				EA0C316115FD25A100661552 /* Camera2D.h */,
				EA0C316215FD25A100661552 /* Camera3D.cpp */,
				EA0C316315FD25A100661552 /* Camera3D.h */,
				8D14B50416029AD1004399C4 /* Canvas.cpp */,
				8D14B50516029AD1004399C4 /* Canvas.h */,
				EACD24AD15D852AC00453F75 /* Color.cpp */,
				EACD24AB15D8528400453F75 /* Color.h */,
				EAB2B90C15FE4703001CF4EF /* Context.cpp */,
				EAB2B8FE15FE3DEE001CF4EF /* Context.h */,
				8D14B5A616035B60004399C4 /* ContextIOS.mm */,
				EAB2B90E15FE470A001CF4EF /* ContextMac.mm */,
				EACD24A515D8333100453F75 /* Data.cpp */,
				EACD24A615D8333100453F75 /* Data.h */,
				EACD24AA15D8523300453F75 /* Disallow.h */,
				EABB38F316010B670009D8F7 /* Engine.cpp */,
				EABB38F416010B670009D8F7 /* Engine.h */,
				EABB38F616010F160009D8F7 /* EngineUser.cpp */,
				EABB38E51600D42B0009D8F7 /* Event.cpp */,
				EABB38E61600D42B0009D8F7 /* Event.h */,
				EABB38EB1600D6FA0009D8F7 /* EventPool.cpp */,
				EABB38EC1600D6FA0009D8F7 /* EventPool.h */,
				EABB38E71600D42B0009D8F7 /* EventQueue.cpp */,
				EABB38E81600D42B0009D8F7 /* EventQueue.h */,
				EAADB61515FFA391008F7450 /* Font.cpp */,
				EAADB61615FFA391008F7450 /* Font.h */,
				EAADB61715FFA391008F7450 /* FontManager.cpp */,
				EAADB61815FFA391008F7450 /* FontManager.h */,
				EA945F0315F7A43A004EE290 /* FragmentShader.cpp */,
				EA945F0415F7A43A004EE290 /* FragmentShader.h */,
				EAADB62815FFA76B008F7450 /* Glyph.cpp */,
				EAADB62915FFA76B008F7450 /* Glyph.h */,
				EA945F0815F7A87B004EE290 /* HostBuffer.cpp */,
				EA945F0915F7A87B004EE290 /* HostBuffer.h */,
				EA945F0A15F7A87B004EE290 /* HybridBuffer.cpp */,
				EA945F0B15F7A87B004EE290 /* HybridBuffer.h */,
				EA945F0C15F7A87B004EE290 /* HybridIndexBuffer.cpp */,
				EA945F0D15F7A87C004EE290 /* HybridIndexBuffer.h */,
				EA945F0E15F7A87C004EE290 /* HybridVertexBuffer.cpp */,
				EA945F0F15F7A87C004EE290 /* HybridVertexBuffer.h */,
				EA90FCC215E15B4F0071F358 /* lgl.h */,
				EA90FCC315E15C730071F358 /* lgl.cpp */,
				EACD24B515D853D300453F75 /* lmath.h */,
				EACD248D15D81A6800453F75 /* Log.cpp */,
				EACD248E15D81A6800453F75 /* Log.h */,
				EA0C316715FD28DF00661552 /* Material.cpp */,
				EA0C316815FD28DF00661552 /* Material.h */,
				EA0EEAFE15E67804000CBC13 /* Matrix.cpp */,
				EA0EEAFF15E67804000CBC13 /* Matrix.h */,
				EA0C316A15FD28E700661552 /* Mesh.cpp */,
				EA0C316B15FD28E700661552 /* Mesh.h */,
				EACD249115D81A6800453F75 /* Path.cpp */,
				EACD249215D81A6800453F75 /* Path.h */,
				EACD249815D81E4400453F75 /* Platform.h */,
				8D14B5A816035D18004399C4 /* PlatformIOS.mm */,
				EACD24A215D825A600453F75 /* PlatformMac.mm */,
				EACD249915D81E4400453F75 /* PlatformPaths.h */,
				EACD249A15D81E4400453F75 /* PlatformThread.h */,
				EAADB62B15FFABC4008F7450 /* Quad.cpp */,
				EAADB62C15FFABC4008F7450 /* Quad.h */,
				EACD249B15D81E4400453F75 /* PlatformTime.h */,
				EACD249C15D81E4400453F75 /* PlatformType.h */,
				EACD249315D81A6800453F75 /* prefix-shared.h */,
				EAADB62E15FFB7DD008F7450 /* Range.h */,
				EACD24AF15D852B300453F75 /* Rect.cpp */,
				EACD24AC15D8528A00453F75 /* Rect.h */,
				EA0EEAF615E677F0000CBC13 /* RectPacker.cpp */,
				EA0EEAF715E677F0000CBC13 /* RectPacker.h */,
				EA945EFC15F7A418004EE290 /* Shader.cpp */,
				EA945EFD15F7A418004EE290 /* Shader.h */,
				EA0C315215FCDBFE00661552 /* ShaderPreprocessor.cpp */,
				EA0C315315FCDBFE00661552 /* ShaderPreprocessor.h */,
				EA945EFF15F7A428004EE290 /* ShaderProgram.cpp */,
				EA945F0015F7A428004EE290 /* ShaderProgram.h */,
				EACD24A415D8328900453F75 /* shared_ptr.h */,
				EA0C315615FCDC0900661552 /* StringAdditions.cpp */,
				EA0C315715FCDC0900661552 /* StringAdditions.h */,
				EACD249F15D81FF600453F75 /* StringStream.cpp */,
				EACD24A015D81FF600453F75 /* StringStream.h */,
				EAADB61B15FFA3A2008F7450 /* TextBreakmodes.h */,
				EAADB61C15FFA3A2008F7450 /* TextBuffer.cpp */,
				EAADB61D15FFA3A2008F7450 /* TextBuffer.h */,
				EAADB61E15FFA3A2008F7450 /* TextMesh.cpp */,
				EAADB61F15FFA3A2008F7450 /* TextMesh.h */,
				EAADB62015FFA3A2008F7450 /* TextRender.cpp */,
				EAADB62115FFA3A2008F7450 /* TextRender.h */,
				EA90FCBF15E151600071F358 /* Texture.cpp */,
				EA90FCC015E151600071F358 /* Texture.h */,
				EAADB62515FFA3BA008F7450 /* TruetypeFont.cpp */,
				EAADB62615FFA3BA008F7450 /* TruetypeFont.h */,
				EACD249715D81B3E00453F75 /* types.h */,
				EA945EF415F79F55004EE290 /* Uniform.cpp */,
				EA945EF515F79F55004EE290 /* Uniform.h */,
				EA945EF615F79F55004EE290 /* UniformBlock.cpp */,
				EA945EF715F79F56004EE290 /* UniformBlock.h */,
				EA945EF815F79F56004EE290 /* Variant.h */,
				EA945EF915F79F56004EE290 /* VariantType.h */,
				EACD24B115D8531200453F75 /* Vec2.cpp */,
				EACD24B215D8531200453F75 /* Vec2.h */,
				EA0EEAFA15E677F9000CBC13 /* Vec3.cpp */,
				EA0EEAFB15E677F9000CBC13 /* Vec3.h */,
				EA0EEAFC15E677F9000CBC13 /* Vec4.cpp */,
				EA0EEAFD15E677F9000CBC13 /* Vec4.h */,
				EA945EF015F79F4B004EE290 /* VertexAttribute.cpp */,
				EA945EF115F79F4B004EE290 /* VertexAttribute.h */,
				EA945F0115F7A430004EE290 /* VertexShader.cpp */,
				EA945F0215F7A430004EE290 /* VertexShader.h */,
				254442B6160288A200D9D363 /* Animation.cpp */,
				254442B9160288D200D9D363 /* Animation.h */,
			);
			name = lost;
			path = ../lost;
			sourceTree = "<group>";
		};
/* End PBXGroup section */

/* Begin PBXNativeTarget section */
		8DF374D11603725800DA0547 /* ReRunner */ = {
			isa = PBXNativeTarget;
			buildConfigurationList = 8DF374EF1603725800DA0547 /* Build configuration list for PBXNativeTarget "ReRunner" */;
			buildPhases = (
				8DF374CE1603725800DA0547 /* Sources */,
				8DF374CF1603725800DA0547 /* Frameworks */,
				8DF374D01603725800DA0547 /* Resources */,
			);
			buildRules = (
			);
			dependencies = (
			);
			name = ReRunner;
			productName = testing;
			productReference = 8DF374D21603725800DA0547 /* ReRunner.app */;
			productType = "com.apple.product-type.application";
		};
		EACD243215D7E48D00453F75 /* LostEngine2 */ = {
			isa = PBXNativeTarget;
			buildConfigurationList = EACD245115D7E48D00453F75 /* Build configuration list for PBXNativeTarget "LostEngine2" */;
			buildPhases = (
				EACD242F15D7E48D00453F75 /* Sources */,
				EACD243015D7E48D00453F75 /* Frameworks */,
				EACD243115D7E48D00453F75 /* Resources */,
				EA0C315D15FD124D00661552 /* ShellScript */,
			);
			buildRules = (
			);
			dependencies = (
			);
			name = LostEngine2;
			productName = LostEngine2;
			productReference = EACD243315D7E48D00453F75 /* LostEngine2.app */;
			productType = "com.apple.product-type.application";
		};
/* End PBXNativeTarget section */

/* Begin PBXProject section */
		EACD242A15D7E48D00453F75 /* Project object */ = {
			isa = PBXProject;
			attributes = {
				CLASSPREFIX = LE;
				LastUpgradeCheck = 0440;
				ORGANIZATIONNAME = "";
			};
			buildConfigurationList = EACD242D15D7E48D00453F75 /* Build configuration list for PBXProject "LostEngine2" */;
			compatibilityVersion = "Xcode 3.2";
			developmentRegion = English;
			hasScannedForEncodings = 0;
			knownRegions = (
				en,
			);
			mainGroup = EACD242815D7E48D00453F75;
			productRefGroup = EACD243415D7E48D00453F75 /* Products */;
			projectDirPath = "";
			projectRoot = "";
			targets = (
				EACD243215D7E48D00453F75 /* LostEngine2 */,
				8DF374D11603725800DA0547 /* ReRunner */,
			);
		};
/* End PBXProject section */

/* Begin PBXResourcesBuildPhase section */
		8DF374D01603725800DA0547 /* Resources */ = {
			isa = PBXResourcesBuildPhase;
			buildActionMask = 2147483647;
			files = (
				8DF374F2160372C500DA0547 /* ViewController.xib in Resources */,
				8DF374F3160372CE00DA0547 /* InfoPlist.strings in Resources */,
				8DF375481603743900DA0547 /* COPYRIGHT.TXT in Resources */,
				8DF3754B1603743900DA0547 /* local.conf in Resources */,
				8DF3754E1603743900DA0547 /* README.TXT in Resources */,
				8DF375511603743900DA0547 /* RELEASENOTES.TXT in Resources */,
				8DF375541603743900DA0547 /* Vera.ttf in Resources */,
				8DF375571603743900DA0547 /* VeraBd.ttf in Resources */,
				8DF3755A1603743900DA0547 /* VeraBI.ttf in Resources */,
				8DF3755D1603743900DA0547 /* VeraIt.ttf in Resources */,
				8DF375601603743900DA0547 /* VeraMoBd.ttf in Resources */,
				8DF3757F1603750F00DA0547 /* color.fs in Resources */,
				8DF375801603750F00DA0547 /* color.vs in Resources */,
				8DF375811603750F00DA0547 /* texture.fs in Resources */,
				8DF375821603750F00DA0547 /* texture.vs in Resources */,
				8DF375631603743900DA0547 /* VeraMoBI.ttf in Resources */,
				8DF375661603743900DA0547 /* VeraMoIt.ttf in Resources */,
				8DF375691603743900DA0547 /* VeraMono.ttf in Resources */,
				8DF3756C1603743900DA0547 /* VeraSe.ttf in Resources */,
				8DF3756F1603743900DA0547 /* VeraSeBd.ttf in Resources */,
				8DF3757E1603743900DA0547 /* rings.png in Resources */,
			);
			runOnlyForDeploymentPostprocessing = 0;
		};
		EACD243115D7E48D00453F75 /* Resources */ = {
			isa = PBXResourcesBuildPhase;
			buildActionMask = 2147483647;
			files = (
				8DF375461603743900DA0547 /* COPYRIGHT.TXT in Resources */,
				8DF375491603743900DA0547 /* local.conf in Resources */,
				8DF3754C1603743900DA0547 /* README.TXT in Resources */,
				8DF3754F1603743900DA0547 /* RELEASENOTES.TXT in Resources */,
				8DF375521603743900DA0547 /* Vera.ttf in Resources */,
				8DF375551603743900DA0547 /* VeraBd.ttf in Resources */,
				8DF375581603743900DA0547 /* VeraBI.ttf in Resources */,
				8DF3755B1603743900DA0547 /* VeraIt.ttf in Resources */,
				8DF3755E1603743900DA0547 /* VeraMoBd.ttf in Resources */,
				8DF375611603743900DA0547 /* VeraMoBI.ttf in Resources */,
				8DF375641603743900DA0547 /* VeraMoIt.ttf in Resources */,
				8DF375671603743900DA0547 /* VeraMono.ttf in Resources */,
				8DF3756A1603743900DA0547 /* VeraSe.ttf in Resources */,
				8DF3756D1603743900DA0547 /* VeraSeBd.ttf in Resources */,
				8DF3757C1603743900DA0547 /* rings.png in Resources */,
			);
			runOnlyForDeploymentPostprocessing = 0;
		};
/* End PBXResourcesBuildPhase section */

/* Begin PBXShellScriptBuildPhase section */
		EA0C315D15FD124D00661552 /* ShellScript */ = {
			isa = PBXShellScriptBuildPhase;
			buildActionMask = 2147483647;
			files = (
			);
			inputPaths = (
			);
			outputPaths = (
			);
			runOnlyForDeploymentPostprocessing = 0;
			shellPath = /bin/sh;
			shellScript = "#!/bin/sh\necho \"Hello ------------------------------\"\npwd\nmkdir -p \"${BUILD_DIR}/${CONFIGURATION}/${PRODUCT_NAME}.app/Contents/Resources\"\nrm -fr \"${BUILD_DIR}/${CONFIGURATION}/${PRODUCT_NAME}.app/Contents/Resources/resources\"\ncp -R \"../resources\" \"${BUILD_DIR}/${CONFIGURATION}/${PRODUCT_NAME}.app/Contents/Resources/resources\"\n";
		};
/* End PBXShellScriptBuildPhase section */

/* Begin PBXSourcesBuildPhase section */
		8DF374CE1603725800DA0547 /* Sources */ = {
			isa = PBXSourcesBuildPhase;
			buildActionMask = 2147483647;
			files = (
				8DF374F7160372DA00DA0547 /* stb_image.c in Sources */,
				8DF374F9160372E600DA0547 /* BitmapPacker.cpp in Sources */,
				8DF374FA160372E800DA0547 /* Buffer.cpp in Sources */,
				8DF374FC160372EA00DA0547 /* Bundle.cpp in Sources */,
				8DF374FD160372EC00DA0547 /* Camera.cpp in Sources */,
				8DF3750F1603730600DA0547 /* HybridBuffer.cpp in Sources */,
				8DF3752D1603737700DA0547 /* tinythread.cpp in Sources */,
				8DF375191603731500DA0547 /* Quad.cpp in Sources */,
				8DF3751A1603731F00DA0547 /* Rect.cpp in Sources */,
				8DF375101603730700DA0547 /* HybridIndexBuffer.cpp in Sources */,
				8DF375111603730900DA0547 /* HybridVertexBuffer.cpp in Sources */,
				8DF3751C1603732100DA0547 /* Shader.cpp in Sources */,
				8DF3751B1603732000DA0547 /* RectPacker.cpp in Sources */,
				8DF3751D1603732200DA0547 /* ShaderPreprocessor.cpp in Sources */,
				8DF375251603733000DA0547 /* TruetypeFont.cpp in Sources */,
				8DF374FB160372E900DA0547 /* BufferLayout.cpp in Sources */,
				8DF375271603733200DA0547 /* UniformBlock.cpp in Sources */,
				8DF375261603733100DA0547 /* Uniform.cpp in Sources */,
				8DF3751E1603732400DA0547 /* ShaderProgram.cpp in Sources */,
				8DF375291603733500DA0547 /* Vec3.cpp in Sources */,
				8DF3752B1603733700DA0547 /* VertexAttribute.cpp in Sources */,
				8DF375281603733400DA0547 /* Vec2.cpp in Sources */,
				8DF3752A1603733600DA0547 /* Vec4.cpp in Sources */,
				8DF375141603730C00DA0547 /* Material.cpp in Sources */,
				8DF3752C1603733900DA0547 /* VertexShader.cpp in Sources */,
				8DF3751F1603732500DA0547 /* StringAdditions.cpp in Sources */,
				8DF375121603730A00DA0547 /* lgl.cpp in Sources */,
				8DF375211603732800DA0547 /* TextBuffer.cpp in Sources */,
				8DF375221603732900DA0547 /* TextMesh.cpp in Sources */,
				8DF375231603732B00DA0547 /* TextRender.cpp in Sources */,
				8DF375201603732600DA0547 /* StringStream.cpp in Sources */,
				8DF375131603730B00DA0547 /* Log.cpp in Sources */,
				8DF375151603730E00DA0547 /* Matrix.cpp in Sources */,
				8DF375241603732D00DA0547 /* Texture.cpp in Sources */,
				8DF375171603731000DA0547 /* Path.cpp in Sources */,
				8DF3750E1603730500DA0547 /* HostBuffer.cpp in Sources */,
				8DF375181603731100DA0547 /* PlatformIOS.mm in Sources */,
				8DF375161603730F00DA0547 /* Mesh.cpp in Sources */,
				8DF374FE160372ED00DA0547 /* Camera2D.cpp in Sources */,
				8DF37501160372F100DA0547 /* Color.cpp in Sources */,
				8DF37502160372F200DA0547 /* Context.cpp in Sources */,
				8DF37509160372FC00DA0547 /* EventQueue.cpp in Sources */,
				8DF37503160372F300DA0547 /* ContextIOS.mm in Sources */,
				8DF37504160372F500DA0547 /* Data.cpp in Sources */,
				8DF3750A160372FE00DA0547 /* Font.cpp in Sources */,
				8DF37507160372F800DA0547 /* Event.cpp in Sources */,
				8DF37505160372F600DA0547 /* Engine.cpp in Sources */,
				8DF3750B160372FF00DA0547 /* FontManager.cpp in Sources */,
				8DF3750D1603730200DA0547 /* Glyph.cpp in Sources */,
				8DF37506160372F700DA0547 /* EngineUser.cpp in Sources */,
				8DF3750C1603730000DA0547 /* FragmentShader.cpp in Sources */,
				8DF374FF160372EE00DA0547 /* Camera3D.cpp in Sources */,
				8DF37500160372F000DA0547 /* Canvas.cpp in Sources */,
				8DF37508160372FA00DA0547 /* EventPool.cpp in Sources */,
				8DF374F8160372E500DA0547 /* Bitmap.cpp in Sources */,
				8DF374F4160372D200DA0547 /* AppDelegate.mm in Sources */,
				8DF374F5160372D300DA0547 /* ViewController.mm in Sources */,
				8DF374F6160372D500DA0547 /* main.mm in Sources */,
				8DF375721603743900DA0547 /* color.fs in Sources */,
				8DF375751603743900DA0547 /* color.vs in Sources */,
				8DF375781603743900DA0547 /* texture.fs in Sources */,
				8DF3757B1603743900DA0547 /* texture.vs in Sources */,
			);
			runOnlyForDeploymentPostprocessing = 0;
		};
		EACD242F15D7E48D00453F75 /* Sources */ = {
			isa = PBXSourcesBuildPhase;
			buildActionMask = 2147483647;
			files = (
				EACD245C15D7E7E000453F75 /* main.mm in Sources */,
				EACD246215D7EEFD00453F75 /* LEGLView.mm in Sources */,
				EACD247915D7F82100453F75 /* stb_image.c in Sources */,
				EACD249415D81A6800453F75 /* Log.cpp in Sources */,
				EACD249615D81A6800453F75 /* Path.cpp in Sources */,
				EACD24A115D81FF600453F75 /* StringStream.cpp in Sources */,
				EACD24A315D825A600453F75 /* PlatformMac.mm in Sources */,
				EACD24A715D8338800453F75 /* Data.cpp in Sources */,
				EACD24AE15D852AC00453F75 /* Color.cpp in Sources */,
				EACD24B015D852B300453F75 /* Rect.cpp in Sources */,
				EACD24B315D8531200453F75 /* Vec2.cpp in Sources */,
				EACD24B415D8531B00453F75 /* Bitmap.cpp in Sources */,
				EA90FCB715DEB2690071F358 /* Bundle.cpp in Sources */,
				EA90FCC115E151BD0071F358 /* Texture.cpp in Sources */,
				EA90FCC415E15C740071F358 /* lgl.cpp in Sources */,
				EA0EEAF815E677F0000CBC13 /* RectPacker.cpp in Sources */,
				EA0EEB0015E67852000CBC13 /* Vec3.cpp in Sources */,
				EA0EEB0115E67855000CBC13 /* Vec4.cpp in Sources */,
				EA0EEB0215E6785B000CBC13 /* Matrix.cpp in Sources */,
				EAF87C7A15E903A900986F86 /* Buffer.cpp in Sources */,
				EAF87C7E15E903B800986F86 /* BufferLayout.cpp in Sources */,
				EA945EF215F79F4B004EE290 /* VertexAttribute.cpp in Sources */,
				EA945EFA15F79F56004EE290 /* Uniform.cpp in Sources */,
				EA945EFB15F79F56004EE290 /* UniformBlock.cpp in Sources */,
				EA945EFE15F7A41B004EE290 /* Shader.cpp in Sources */,
				EA945F0515F7A4C1004EE290 /* FragmentShader.cpp in Sources */,
				EA945F0615F7A503004EE290 /* VertexShader.cpp in Sources */,
				EA945F0715F7A53F004EE290 /* ShaderProgram.cpp in Sources */,
				EAF0438715F7A88E0095549F /* HostBuffer.cpp in Sources */,
				EAF0438815F7A88E0095549F /* HybridBuffer.cpp in Sources */,
				EAF0438915F7A88E0095549F /* HybridIndexBuffer.cpp in Sources */,
				EAF0438A15F7A88E0095549F /* HybridVertexBuffer.cpp in Sources */,
				EA0C315415FCDBFE00661552 /* ShaderPreprocessor.cpp in Sources */,
				EA0C315815FCE86E00661552 /* StringAdditions.cpp in Sources */,
				EA0C316415FD25A200661552 /* Camera.cpp in Sources */,
				EA0C316515FD25A200661552 /* Camera2D.cpp in Sources */,
				EA0C316615FD25A200661552 /* Camera3D.cpp in Sources */,
				EA0C316915FD28E000661552 /* Material.cpp in Sources */,
				EA0C316C15FD28E700661552 /* Mesh.cpp in Sources */,
				EAB2B90D15FE4703001CF4EF /* Context.cpp in Sources */,
				EAB2B90F15FE470A001CF4EF /* ContextMac.mm in Sources */,
				EAADB60F15FF97FD008F7450 /* BitmapPacker.cpp in Sources */,
				EAADB61915FFA391008F7450 /* Font.cpp in Sources */,
				EAADB61A15FFA391008F7450 /* FontManager.cpp in Sources */,
				EAADB62215FFA3A2008F7450 /* TextBuffer.cpp in Sources */,
				EAADB62315FFA3A2008F7450 /* TextMesh.cpp in Sources */,
				EAADB62415FFA3A2008F7450 /* TextRender.cpp in Sources */,
				EAADB62715FFA3BA008F7450 /* TruetypeFont.cpp in Sources */,
				EAADB62A15FFA76B008F7450 /* Glyph.cpp in Sources */,
				EAADB62D15FFABC4008F7450 /* Quad.cpp in Sources */,
				EABB38E01600CC990009D8F7 /* LEAppDelegate.mm in Sources */,
				EABB38E41600CDD80009D8F7 /* LEWindow.mm in Sources */,
				EABB38E91600D42B0009D8F7 /* Event.cpp in Sources */,
				EABB38EA1600D42B0009D8F7 /* EventQueue.cpp in Sources */,
				EABB38ED1600D6FA0009D8F7 /* EventPool.cpp in Sources */,
				EABB38F21600DCF00009D8F7 /* tinythread.cpp in Sources */,
				EABB38F516010B670009D8F7 /* Engine.cpp in Sources */,
				EABB38F716010F160009D8F7 /* EngineUser.cpp in Sources */,
				8D14B50616029AD1004399C4 /* Canvas.cpp in Sources */,
				8DF375701603743900DA0547 /* color.fs in Sources */,
				8DF375731603743900DA0547 /* color.vs in Sources */,
				8DF375761603743900DA0547 /* texture.fs in Sources */,
				8DF375791603743900DA0547 /* texture.vs in Sources */,
				254442B7160288A200D9D363 /* Animation.cpp in Sources */,
			);
			runOnlyForDeploymentPostprocessing = 0;
		};
/* End PBXSourcesBuildPhase section */

/* Begin PBXVariantGroup section */
		8D14B55B16035151004399C4 /* InfoPlist.strings */ = {
			isa = PBXVariantGroup;
			children = (
				8D14B55C16035151004399C4 /* en */,
			);
			name = InfoPlist.strings;
			sourceTree = "<group>";
		};
		8D14B56B16035151004399C4 /* ViewController.xib */ = {
			isa = PBXVariantGroup;
			children = (
				8D14B56C16035151004399C4 /* en */,
			);
			name = ViewController.xib;
			sourceTree = "<group>";
		};
/* End PBXVariantGroup section */

/* Begin XCBuildConfiguration section */
		8DF374F01603725800DA0547 /* Debug */ = {
			isa = XCBuildConfiguration;
			buildSettings = {
				ARCHS = "$(ARCHS_STANDARD_32_BIT)";
				CLANG_ENABLE_OBJC_ARC = YES;
				"CODE_SIGN_IDENTITY[sdk=iphoneos*]" = "iPhone Developer";
				COMPRESS_PNG_FILES = NO;
				FRAMEWORK_SEARCH_PATHS = (
					"$(inherited)",
					"\"$(DEVELOPER_FRAMEWORKS_DIR)\"",
				);
				GCC_PRECOMPILE_PREFIX_HEADER = YES;
				GCC_PREFIX_HEADER = "ReRunner/ReRunner-Prefix.pch";
				"GCC_THUMB_SUPPORT[arch=armv6]" = "";
				GCC_VERSION = com.apple.compilers.llvm.clang.1_0;
				GCC_WARN_ABOUT_MISSING_PROTOTYPES = YES;
				INFOPLIST_FILE = "ReRunner/ReRunner-Info.plist";
				IPHONEOS_DEPLOYMENT_TARGET = 5.0;
				PRODUCT_NAME = "$(TARGET_NAME)";
				SDKROOT = iphoneos;
				TARGETED_DEVICE_FAMILY = 2;
				WRAPPER_EXTENSION = app;
			};
			name = Debug;
		};
		8DF374F11603725800DA0547 /* Release */ = {
			isa = XCBuildConfiguration;
			buildSettings = {
				ARCHS = "$(ARCHS_STANDARD_32_BIT)";
				CLANG_ENABLE_OBJC_ARC = YES;
				"CODE_SIGN_IDENTITY[sdk=iphoneos*]" = "iPhone Developer";
				COMPRESS_PNG_FILES = NO;
				FRAMEWORK_SEARCH_PATHS = (
					"$(inherited)",
					"\"$(DEVELOPER_FRAMEWORKS_DIR)\"",
				);
				GCC_PRECOMPILE_PREFIX_HEADER = YES;
				GCC_PREFIX_HEADER = "ReRunner/ReRunner-Prefix.pch";
				"GCC_THUMB_SUPPORT[arch=armv6]" = "";
				GCC_VERSION = com.apple.compilers.llvm.clang.1_0;
				GCC_WARN_ABOUT_MISSING_PROTOTYPES = YES;
				INFOPLIST_FILE = "ReRunner/ReRunner-Info.plist";
				IPHONEOS_DEPLOYMENT_TARGET = 5.0;
				OTHER_CFLAGS = "-DNS_BLOCK_ASSERTIONS=1";
				PRODUCT_NAME = "$(TARGET_NAME)";
				SDKROOT = iphoneos;
				TARGETED_DEVICE_FAMILY = 2;
				VALIDATE_PRODUCT = YES;
				WRAPPER_EXTENSION = app;
			};
			name = Release;
		};
		EACD244F15D7E48D00453F75 /* Debug */ = {
			isa = XCBuildConfiguration;
			buildSettings = {
				ALWAYS_SEARCH_USER_PATHS = NO;
				ARCHS = "$(ARCHS_STANDARD_64_BIT)";
				CLANG_CXX_LANGUAGE_STANDARD = "gnu++0x";
				CLANG_WARN__DUPLICATE_METHOD_MATCH = YES;
				"CODE_SIGN_IDENTITY[sdk=iphoneos*]" = "iPhone Developer: Timo Boll (M36ZJ36F25)";
				COPY_PHASE_STRIP = NO;
				GCC_C_LANGUAGE_STANDARD = gnu99;
				GCC_DYNAMIC_NO_PIC = NO;
				GCC_ENABLE_OBJC_EXCEPTIONS = YES;
				GCC_OPTIMIZATION_LEVEL = 0;
				GCC_PREPROCESSOR_DEFINITIONS = (
					"DEBUG=1",
					"$(inherited)",
				);
				GCC_SYMBOLS_PRIVATE_EXTERN = NO;
				GCC_WARN_64_TO_32_BIT_CONVERSION = YES;
				GCC_WARN_ABOUT_RETURN_TYPE = YES;
				GCC_WARN_UNINITIALIZED_AUTOS = YES;
				GCC_WARN_UNUSED_VARIABLE = YES;
				HEADER_SEARCH_PATHS = "\"$(SRCROOT)/..\"";
				MACOSX_DEPLOYMENT_TARGET = 10.8;
				ONLY_ACTIVE_ARCH = YES;
				"PROVISIONING_PROFILE[sdk=iphoneos*]" = "BEDA1C27-C7F0-4B98-94BE-B8F3BE7844AC";
				SDKROOT = macosx;
			};
			name = Debug;
		};
		EACD245015D7E48D00453F75 /* Release */ = {
			isa = XCBuildConfiguration;
			buildSettings = {
				ALWAYS_SEARCH_USER_PATHS = NO;
				ARCHS = "$(ARCHS_STANDARD_64_BIT)";
				CLANG_CXX_LANGUAGE_STANDARD = "gnu++0x";
				CLANG_WARN__DUPLICATE_METHOD_MATCH = YES;
				"CODE_SIGN_IDENTITY[sdk=iphoneos*]" = "iPhone Developer: Timo Boll (M36ZJ36F25)";
				COPY_PHASE_STRIP = YES;
				DEBUG_INFORMATION_FORMAT = "dwarf-with-dsym";
				GCC_C_LANGUAGE_STANDARD = gnu99;
				GCC_ENABLE_OBJC_EXCEPTIONS = YES;
				GCC_WARN_64_TO_32_BIT_CONVERSION = YES;
				GCC_WARN_ABOUT_RETURN_TYPE = YES;
				GCC_WARN_UNINITIALIZED_AUTOS = YES;
				GCC_WARN_UNUSED_VARIABLE = YES;
				HEADER_SEARCH_PATHS = "\"$(SRCROOT)/..\"";
				MACOSX_DEPLOYMENT_TARGET = 10.8;
				"PROVISIONING_PROFILE[sdk=iphoneos*]" = "BEDA1C27-C7F0-4B98-94BE-B8F3BE7844AC";
				SDKROOT = macosx;
			};
			name = Release;
		};
		EACD245215D7E48D00453F75 /* Debug */ = {
			isa = XCBuildConfiguration;
			buildSettings = {
				COMBINE_HIDPI_IMAGES = YES;
				GCC_PRECOMPILE_PREFIX_HEADER = YES;
				GCC_PREFIX_HEADER = "prefix-debug.pch";
				INFOPLIST_FILE = "$(SRCROOT)/LostEngine2-Info.plist";
				MACOSX_DEPLOYMENT_TARGET = 10.7;
				PRODUCT_NAME = "$(TARGET_NAME)";
				WRAPPER_EXTENSION = app;
			};
			name = Debug;
		};
		EACD245315D7E48D00453F75 /* Release */ = {
			isa = XCBuildConfiguration;
			buildSettings = {
				COMBINE_HIDPI_IMAGES = YES;
				GCC_PRECOMPILE_PREFIX_HEADER = YES;
				GCC_PREFIX_HEADER = "prefix-release.pch";
				INFOPLIST_FILE = "$(SRCROOT)/LostEngine2-Info.plist";
				MACOSX_DEPLOYMENT_TARGET = 10.7;
				PRODUCT_NAME = "$(TARGET_NAME)";
				WRAPPER_EXTENSION = app;
			};
			name = Release;
		};
/* End XCBuildConfiguration section */

/* Begin XCConfigurationList section */
		8DF374EF1603725800DA0547 /* Build configuration list for PBXNativeTarget "ReRunner" */ = {
			isa = XCConfigurationList;
			buildConfigurations = (
				8DF374F01603725800DA0547 /* Debug */,
				8DF374F11603725800DA0547 /* Release */,
			);
			defaultConfigurationIsVisible = 0;
			defaultConfigurationName = Release;
		};
		EACD242D15D7E48D00453F75 /* Build configuration list for PBXProject "LostEngine2" */ = {
			isa = XCConfigurationList;
			buildConfigurations = (
				EACD244F15D7E48D00453F75 /* Debug */,
				EACD245015D7E48D00453F75 /* Release */,
			);
			defaultConfigurationIsVisible = 0;
			defaultConfigurationName = Release;
		};
		EACD245115D7E48D00453F75 /* Build configuration list for PBXNativeTarget "LostEngine2" */ = {
			isa = XCConfigurationList;
			buildConfigurations = (
				EACD245215D7E48D00453F75 /* Debug */,
				EACD245315D7E48D00453F75 /* Release */,
			);
			defaultConfigurationIsVisible = 0;
			defaultConfigurationName = Release;
		};
/* End XCConfigurationList section */
	};
	rootObject = EACD242A15D7E48D00453F75 /* Project object */;
}
